{
  "version": 4,
  "terraform_version": "1.13.3",
  "serial": 54,
  "lineage": "bbe595ff-4e37-ff2b-3270-2f681a9930fd",
  "outputs": {
    "alb_dns_name": {
      "value": "wikijs-dev-alb-1763527251.il-central-1.elb.amazonaws.com",
      "type": "string"
    },
    "application_url": {
      "value": "http://wikijs-dev-alb-1763527251.il-central-1.elb.amazonaws.com",
      "type": "string"
    },
    "database_endpoint": {
      "value": "wikijs-dev-db.cd0eqigm0j1h.il-central-1.rds.amazonaws.com:5432",
      "type": "string",
      "sensitive": true
    },
    "ecs_cluster_name": {
      "value": "wikijs-dev-cluster",
      "type": "string"
    },
    "vpc_id": {
      "value": "vpc-0ce72edf986bed177",
      "type": "string"
    }
  },
  "resources": [
    {
      "module": "module.compute",
      "mode": "data",
      "type": "aws_region",
      "name": "current",
      "provider": "provider[\"registry.terraform.io/hashicorp/aws\"]",
      "instances": [
        {
          "schema_version": 0,
          "attributes": {
            "description": "Israel (Tel Aviv)",
            "endpoint": "ec2.il-central-1.amazonaws.com",
            "id": "il-central-1",
            "name": "il-central-1"
          },
          "sensitive_attributes": [],
          "identity_schema_version": 0
        }
      ]
    },
    {
      "module": "module.compute",
      "mode": "managed",
      "type": "aws_appautoscaling_policy",
      "name": "ecs_cpu",
      "provider": "provider[\"registry.terraform.io/hashicorp/aws\"]",
      "instances": [
        {
          "schema_version": 0,
          "attributes": {
            "alarm_arns": [
              "arn:aws:cloudwatch:il-central-1:543518525624:alarm:TargetTracking-service/wikijs-dev-cluster/wikijs-dev-AlarmHigh-aac4d1b2-5882-4c7b-a209-ef1275fd1c99",
              "arn:aws:cloudwatch:il-central-1:543518525624:alarm:TargetTracking-service/wikijs-dev-cluster/wikijs-dev-AlarmLow-4020dd1a-90b0-46e7-b174-ca1cbddf8ade"
            ],
            "arn": "arn:aws:autoscaling:il-central-1:543518525624:scalingPolicy:e8a35e8b-ebe8-4af9-9441-184dacb888c1:resource/ecs/service/wikijs-dev-cluster/wikijs-dev:policyName/wikijs-dev-cpu-scaling",
            "id": "wikijs-dev-cpu-scaling",
            "name": "wikijs-dev-cpu-scaling",
            "policy_type": "TargetTrackingScaling",
            "resource_id": "service/wikijs-dev-cluster/wikijs-dev",
            "scalable_dimension": "ecs:service:DesiredCount",
            "service_namespace": "ecs",
            "step_scaling_policy_configuration": [],
            "target_tracking_scaling_policy_configuration": [
              {
                "customized_metric_specification": [],
                "disable_scale_in": false,
                "predefined_metric_specification": [
                  {
                    "predefined_metric_type": "ECSServiceAverageCPUUtilization",
                    "resource_label": ""
                  }
                ],
                "scale_in_cooldown": 0,
                "scale_out_cooldown": 0,
                "target_value": 70
              }
            ]
          },
          "sensitive_attributes": [],
          "identity_schema_version": 0,
          "private": "bnVsbA==",
          "dependencies": [
            "module.compute.aws_appautoscaling_target.ecs",
            "module.compute.aws_cloudwatch_log_group.ecs",
            "module.compute.aws_ecs_cluster.main",
            "module.compute.aws_ecs_service.wikijs",
            "module.compute.aws_ecs_task_definition.wikijs",
            "module.compute.aws_iam_role.ecs_task",
            "module.compute.aws_iam_role.ecs_task_execution",
            "module.compute.aws_iam_role_policy_attachment.ecs_task_execution",
            "module.compute.aws_lb.main",
            "module.compute.aws_lb_listener.http",
            "module.compute.aws_lb_target_group.wikijs",
            "module.compute.data.aws_region.current",
            "module.database.aws_db_instance.postgres",
            "module.database.aws_db_subnet_group.main",
            "module.database.aws_secretsmanager_secret.db_password",
            "module.database.aws_secretsmanager_secret_version.db_password",
            "module.database.aws_security_group.rds",
            "module.database.random_id.suffix",
            "module.database.random_password.db_password",
            "module.networking.aws_subnet.private",
            "module.networking.aws_subnet.public",
            "module.networking.aws_vpc.main",
            "module.networking.data.aws_availability_zones.available",
            "module.security.aws_security_group.alb",
            "module.security.aws_security_group.ecs",
            "module.storage.aws_efs_access_point.main",
            "module.storage.aws_efs_file_system.main",
            "module.storage.aws_efs_mount_target.main",
            "module.storage.aws_security_group.efs"
          ]
        }
      ]
    },
    {
      "module": "module.compute",
      "mode": "managed",
      "type": "aws_appautoscaling_target",
      "name": "ecs",
      "provider": "provider[\"registry.terraform.io/hashicorp/aws\"]",
      "instances": [
        {
          "schema_version": 0,
          "attributes": {
            "arn": "arn:aws:application-autoscaling:il-central-1:543518525624:scalable-target/0ec5e8a35e8bebe84af99441184dacb888c1",
            "id": "service/wikijs-dev-cluster/wikijs-dev",
            "max_capacity": 4,
            "min_capacity": 2,
            "resource_id": "service/wikijs-dev-cluster/wikijs-dev",
            "role_arn": "arn:aws:iam::543518525624:role/aws-service-role/ecs.application-autoscaling.amazonaws.com/AWSServiceRoleForApplicationAutoScaling_ECSService",
            "scalable_dimension": "ecs:service:DesiredCount",
            "service_namespace": "ecs",
            "suspended_state": [
              {
                "dynamic_scaling_in_suspended": false,
                "dynamic_scaling_out_suspended": false,
                "scheduled_scaling_suspended": false
              }
            ],
            "tags": {},
            "tags_all": {
              "Environment": "dev",
              "ManagedBy": "Terraform",
              "Project": "WikiJS",
              "Repository": "wiki-js-infrastructure"
            }
          },
          "sensitive_attributes": [],
          "identity_schema_version": 0,
          "private": "bnVsbA==",
          "dependencies": [
            "module.compute.aws_cloudwatch_log_group.ecs",
            "module.compute.aws_ecs_cluster.main",
            "module.compute.aws_ecs_service.wikijs",
            "module.compute.aws_ecs_task_definition.wikijs",
            "module.compute.aws_iam_role.ecs_task",
            "module.compute.aws_iam_role.ecs_task_execution",
            "module.compute.aws_iam_role_policy_attachment.ecs_task_execution",
            "module.compute.aws_lb.main",
            "module.compute.aws_lb_listener.http",
            "module.compute.aws_lb_target_group.wikijs",
            "module.compute.data.aws_region.current",
            "module.database.aws_db_instance.postgres",
            "module.database.aws_db_subnet_group.main",
            "module.database.aws_secretsmanager_secret.db_password",
            "module.database.aws_secretsmanager_secret_version.db_password",
            "module.database.aws_security_group.rds",
            "module.database.random_id.suffix",
            "module.database.random_password.db_password",
            "module.networking.aws_subnet.private",
            "module.networking.aws_subnet.public",
            "module.networking.aws_vpc.main",
            "module.networking.data.aws_availability_zones.available",
            "module.security.aws_security_group.alb",
            "module.security.aws_security_group.ecs",
            "module.storage.aws_efs_access_point.main",
            "module.storage.aws_efs_file_system.main",
            "module.storage.aws_efs_mount_target.main",
            "module.storage.aws_security_group.efs"
          ]
        }
      ]
    },
    {
      "module": "module.compute",
      "mode": "managed",
      "type": "aws_cloudwatch_log_group",
      "name": "ecs",
      "provider": "provider[\"registry.terraform.io/hashicorp/aws\"]",
      "instances": [
        {
          "schema_version": 0,
          "attributes": {
            "arn": "arn:aws:logs:il-central-1:543518525624:log-group:/ecs/wikijs-dev",
            "id": "/ecs/wikijs-dev",
            "kms_key_id": "",
            "log_group_class": "STANDARD",
            "name": "/ecs/wikijs-dev",
            "name_prefix": "",
            "retention_in_days": 7,
            "skip_destroy": false,
            "tags": {
              "Environment": "dev",
              "Project": "wikijs",
              "Region": "il-central-1"
            },
            "tags_all": {
              "Environment": "dev",
              "ManagedBy": "Terraform",
              "Project": "wikijs",
              "Region": "il-central-1",
              "Repository": "wiki-js-infrastructure"
            }
          },
          "sensitive_attributes": [],
          "identity_schema_version": 0,
          "private": "bnVsbA==",
          "dependencies": [
            "module.database.aws_db_instance.postgres",
            "module.database.aws_db_subnet_group.main",
            "module.database.aws_secretsmanager_secret.db_password",
            "module.database.aws_secretsmanager_secret_version.db_password",
            "module.database.aws_security_group.rds",
            "module.database.random_id.suffix",
            "module.database.random_password.db_password",
            "module.networking.aws_subnet.private",
            "module.networking.aws_vpc.main",
            "module.networking.data.aws_availability_zones.available",
            "module.security.aws_security_group.alb",
            "module.security.aws_security_group.ecs",
            "module.storage.aws_efs_access_point.main",
            "module.storage.aws_efs_file_system.main",
            "module.storage.aws_efs_mount_target.main",
            "module.storage.aws_security_group.efs"
          ]
        }
      ]
    },
    {
      "module": "module.compute",
      "mode": "managed",
      "type": "aws_ecs_cluster",
      "name": "main",
      "provider": "provider[\"registry.terraform.io/hashicorp/aws\"]",
      "instances": [
        {
          "schema_version": 0,
          "attributes": {
            "arn": "arn:aws:ecs:il-central-1:543518525624:cluster/wikijs-dev-cluster",
            "configuration": [],
            "id": "arn:aws:ecs:il-central-1:543518525624:cluster/wikijs-dev-cluster",
            "name": "wikijs-dev-cluster",
            "service_connect_defaults": [],
            "setting": [
              {
                "name": "containerInsights",
                "value": "enabled"
              }
            ],
            "tags": {
              "Environment": "dev",
              "Name": "wikijs-dev-cluster",
              "Project": "wikijs",
              "Region": "il-central-1"
            },
            "tags_all": {
              "Environment": "dev",
              "ManagedBy": "Terraform",
              "Name": "wikijs-dev-cluster",
              "Project": "wikijs",
              "Region": "il-central-1",
              "Repository": "wiki-js-infrastructure"
            }
          },
          "sensitive_attributes": [],
          "identity_schema_version": 0,
          "private": "bnVsbA==",
          "dependencies": [
            "module.database.aws_db_instance.postgres",
            "module.database.aws_db_subnet_group.main",
            "module.database.aws_secretsmanager_secret.db_password",
            "module.database.aws_secretsmanager_secret_version.db_password",
            "module.database.aws_security_group.rds",
            "module.database.random_id.suffix",
            "module.database.random_password.db_password",
            "module.networking.aws_subnet.private",
            "module.networking.aws_vpc.main",
            "module.networking.data.aws_availability_zones.available",
            "module.security.aws_security_group.alb",
            "module.security.aws_security_group.ecs",
            "module.storage.aws_efs_access_point.main",
            "module.storage.aws_efs_file_system.main",
            "module.storage.aws_efs_mount_target.main",
            "module.storage.aws_security_group.efs"
          ]
        }
      ]
    },
    {
      "module": "module.compute",
      "mode": "managed",
      "type": "aws_ecs_service",
      "name": "wikijs",
      "provider": "provider[\"registry.terraform.io/hashicorp/aws\"]",
      "instances": [
        {
          "schema_version": 1,
          "attributes": {
            "alarms": [],
            "availability_zone_rebalancing": "DISABLED",
            "capacity_provider_strategy": [],
            "cluster": "arn:aws:ecs:il-central-1:543518525624:cluster/wikijs-dev-cluster",
            "deployment_circuit_breaker": [
              {
                "enable": true,
                "rollback": true
              }
            ],
            "deployment_controller": [
              {
                "type": "ECS"
              }
            ],
            "deployment_maximum_percent": 200,
            "deployment_minimum_healthy_percent": 100,
            "desired_count": 2,
            "enable_ecs_managed_tags": false,
            "enable_execute_command": false,
            "force_delete": null,
            "force_new_deployment": null,
            "health_check_grace_period_seconds": 0,
            "iam_role": "/aws-service-role/ecs.amazonaws.com/AWSServiceRoleForECS",
            "id": "arn:aws:ecs:il-central-1:543518525624:service/wikijs-dev-cluster/wikijs-dev",
            "launch_type": "FARGATE",
            "load_balancer": [
              {
                "container_name": "wikijs",
                "container_port": 3000,
                "elb_name": "",
                "target_group_arn": "arn:aws:elasticloadbalancing:il-central-1:543518525624:targetgroup/wikijs-dev-tg/fab31ba07d5ba0ce"
              }
            ],
            "name": "wikijs-dev",
            "network_configuration": [
              {
                "assign_public_ip": false,
                "security_groups": [
                  "sg-06a08137b6f6d3579"
                ],
                "subnets": [
                  "subnet-00a0044b6842a4839",
                  "subnet-01e8fb6fe7ee9e60c"
                ]
              }
            ],
            "ordered_placement_strategy": [],
            "placement_constraints": [],
            "platform_version": "LATEST",
            "propagate_tags": "NONE",
            "scheduling_strategy": "REPLICA",
            "service_connect_configuration": [],
            "service_registries": [],
            "tags": {
              "Environment": "dev",
              "Project": "wikijs",
              "Region": "il-central-1"
            },
            "tags_all": {
              "Environment": "dev",
              "ManagedBy": "Terraform",
              "Project": "wikijs",
              "Region": "il-central-1",
              "Repository": "wiki-js-infrastructure"
            },
            "task_definition": "arn:aws:ecs:il-central-1:543518525624:task-definition/wikijs-dev:1",
            "timeouts": null,
            "triggers": {},
            "volume_configuration": [],
            "vpc_lattice_configurations": [],
            "wait_for_steady_state": false
          },
          "sensitive_attributes": [],
          "identity_schema_version": 0,
          "private": "eyJlMmJmYjczMC1lY2FhLTExZTYtOGY4OC0zNDM2M2JjN2M0YzAiOnsiY3JlYXRlIjoxMjAwMDAwMDAwMDAwLCJkZWxldGUiOjEyMDAwMDAwMDAwMDAsInVwZGF0ZSI6MTIwMDAwMDAwMDAwMH0sInNjaGVtYV92ZXJzaW9uIjoiMSJ9",
          "dependencies": [
            "module.compute.aws_cloudwatch_log_group.ecs",
            "module.compute.aws_ecs_cluster.main",
            "module.compute.aws_ecs_task_definition.wikijs",
            "module.compute.aws_iam_role.ecs_task",
            "module.compute.aws_iam_role.ecs_task_execution",
            "module.compute.aws_iam_role_policy_attachment.ecs_task_execution",
            "module.compute.aws_lb.main",
            "module.compute.aws_lb_listener.http",
            "module.compute.aws_lb_target_group.wikijs",
            "module.compute.data.aws_region.current",
            "module.database.aws_db_instance.postgres",
            "module.database.aws_db_subnet_group.main",
            "module.database.aws_secretsmanager_secret.db_password",
            "module.database.aws_secretsmanager_secret_version.db_password",
            "module.database.aws_security_group.rds",
            "module.database.random_id.suffix",
            "module.database.random_password.db_password",
            "module.networking.aws_subnet.private",
            "module.networking.aws_subnet.public",
            "module.networking.aws_vpc.main",
            "module.networking.data.aws_availability_zones.available",
            "module.security.aws_security_group.alb",
            "module.security.aws_security_group.ecs",
            "module.storage.aws_efs_access_point.main",
            "module.storage.aws_efs_file_system.main",
            "module.storage.aws_efs_mount_target.main",
            "module.storage.aws_security_group.efs"
          ]
        }
      ]
    },
    {
      "module": "module.compute",
      "mode": "managed",
      "type": "aws_ecs_task_definition",
      "name": "wikijs",
      "provider": "provider[\"registry.terraform.io/hashicorp/aws\"]",
      "instances": [
        {
          "schema_version": 1,
          "attributes": {
            "arn": "arn:aws:ecs:il-central-1:543518525624:task-definition/wikijs-dev:1",
            "arn_without_revision": "arn:aws:ecs:il-central-1:543518525624:task-definition/wikijs-dev",
            "container_definitions": "[{\"environment\":[{\"name\":\"DB_HOST\",\"value\":\"wikijs-dev-db.cd0eqigm0j1h.il-central-1.rds.amazonaws.com\"},{\"name\":\"DB_NAME\",\"value\":\"wikijs\"},{\"name\":\"DB_PORT\",\"value\":\"5432\"},{\"name\":\"DB_TYPE\",\"value\":\"postgres\"},{\"name\":\"DB_USER\",\"value\":\"wikiadmin\"}],\"essential\":true,\"healthCheck\":{\"command\":[\"CMD-SHELL\",\"curl -f http://localhost:3000 || exit 1\"],\"interval\":30,\"retries\":3,\"startPeriod\":60,\"timeout\":5},\"image\":\"ghcr.io/requarks/wiki:2\",\"logConfiguration\":{\"logDriver\":\"awslogs\",\"options\":{\"awslogs-group\":\"/ecs/wikijs-dev\",\"awslogs-region\":\"il-central-1\",\"awslogs-stream-prefix\":\"ecs\"}},\"mountPoints\":[{\"containerPath\":\"/wiki/data\",\"sourceVolume\":\"wiki-data\"}],\"name\":\"wikijs\",\"portMappings\":[{\"containerPort\":3000,\"hostPort\":3000,\"protocol\":\"tcp\"}],\"secrets\":[{\"name\":\"DB_PASS\",\"valueFrom\":\"arn:aws:secretsmanager:il-central-1:543518525624:secret:wikijs-dev-db-password-8b63e129-COtKsE\"}],\"systemControls\":[],\"volumesFrom\":[]}]",
            "cpu": "512",
            "enable_fault_injection": false,
            "ephemeral_storage": [],
            "execution_role_arn": "arn:aws:iam::543518525624:role/wikijs-dev-ecs-task-execution",
            "family": "wikijs-dev",
            "id": "wikijs-dev",
            "inference_accelerator": [],
            "ipc_mode": "",
            "memory": "1024",
            "network_mode": "awsvpc",
            "pid_mode": "",
            "placement_constraints": [],
            "proxy_configuration": [],
            "requires_compatibilities": [
              "FARGATE"
            ],
            "revision": 1,
            "runtime_platform": [],
            "skip_destroy": false,
            "tags": {
              "Environment": "dev",
              "Project": "wikijs",
              "Region": "il-central-1"
            },
            "tags_all": {
              "Environment": "dev",
              "ManagedBy": "Terraform",
              "Project": "wikijs",
              "Region": "il-central-1",
              "Repository": "wiki-js-infrastructure"
            },
            "task_role_arn": "arn:aws:iam::543518525624:role/wikijs-dev-ecs-task",
            "track_latest": false,
            "volume": [
              {
                "configure_at_launch": false,
                "docker_volume_configuration": [],
                "efs_volume_configuration": [
                  {
                    "authorization_config": [],
                    "file_system_id": "fs-0cd01975a5d5838a7",
                    "root_directory": "/",
                    "transit_encryption": "ENABLED",
                    "transit_encryption_port": 0
                  }
                ],
                "fsx_windows_file_server_volume_configuration": [],
                "host_path": "",
                "name": "wiki-data"
              }
            ]
          },
          "sensitive_attributes": [],
          "identity_schema_version": 0,
          "private": "eyJzY2hlbWFfdmVyc2lvbiI6IjEifQ==",
          "dependencies": [
            "module.compute.aws_cloudwatch_log_group.ecs",
            "module.compute.aws_iam_role.ecs_task",
            "module.compute.aws_iam_role.ecs_task_execution",
            "module.compute.data.aws_region.current",
            "module.database.aws_db_instance.postgres",
            "module.database.aws_db_subnet_group.main",
            "module.database.aws_secretsmanager_secret.db_password",
            "module.database.aws_secretsmanager_secret_version.db_password",
            "module.database.aws_security_group.rds",
            "module.database.random_id.suffix",
            "module.database.random_password.db_password",
            "module.networking.aws_subnet.private",
            "module.networking.aws_vpc.main",
            "module.networking.data.aws_availability_zones.available",
            "module.security.aws_security_group.alb",
            "module.security.aws_security_group.ecs",
            "module.storage.aws_efs_access_point.main",
            "module.storage.aws_efs_file_system.main",
            "module.storage.aws_efs_mount_target.main",
            "module.storage.aws_security_group.efs"
          ]
        }
      ]
    },
    {
      "module": "module.compute",
      "mode": "managed",
      "type": "aws_iam_role",
      "name": "ecs_task",
      "provider": "provider[\"registry.terraform.io/hashicorp/aws\"]",
      "instances": [
        {
          "schema_version": 0,
          "attributes": {
            "arn": "arn:aws:iam::543518525624:role/wikijs-dev-ecs-task",
            "assume_role_policy": "{\"Statement\":[{\"Action\":\"sts:AssumeRole\",\"Effect\":\"Allow\",\"Principal\":{\"Service\":\"ecs-tasks.amazonaws.com\"}}],\"Version\":\"2012-10-17\"}",
            "create_date": "2025-09-27T09:04:19Z",
            "description": "",
            "force_detach_policies": false,
            "id": "wikijs-dev-ecs-task",
            "inline_policy": [
              {
                "name": "wikijs-dev-ecs-efs",
                "policy": "{\"Version\":\"2012-10-17\",\"Statement\":[{\"Action\":[\"elasticfilesystem:ClientMount\",\"elasticfilesystem:ClientWrite\"],\"Effect\":\"Allow\",\"Resource\":\"*\"}]}"
              }
            ],
            "managed_policy_arns": [],
            "max_session_duration": 3600,
            "name": "wikijs-dev-ecs-task",
            "name_prefix": "",
            "path": "/",
            "permissions_boundary": "",
            "tags": {
              "Environment": "dev",
              "Project": "wikijs",
              "Region": "il-central-1"
            },
            "tags_all": {
              "Environment": "dev",
              "ManagedBy": "Terraform",
              "Project": "wikijs",
              "Region": "il-central-1",
              "Repository": "wiki-js-infrastructure"
            },
            "unique_id": "AROAX5DB2RC4MPCE5YJEY"
          },
          "sensitive_attributes": [],
          "identity_schema_version": 0,
          "private": "bnVsbA==",
          "dependencies": [
            "module.database.aws_db_instance.postgres",
            "module.database.aws_db_subnet_group.main",
            "module.database.aws_secretsmanager_secret.db_password",
            "module.database.aws_secretsmanager_secret_version.db_password",
            "module.database.aws_security_group.rds",
            "module.database.random_id.suffix",
            "module.database.random_password.db_password",
            "module.networking.aws_subnet.private",
            "module.networking.aws_vpc.main",
            "module.networking.data.aws_availability_zones.available",
            "module.security.aws_security_group.alb",
            "module.security.aws_security_group.ecs",
            "module.storage.aws_efs_access_point.main",
            "module.storage.aws_efs_file_system.main",
            "module.storage.aws_efs_mount_target.main",
            "module.storage.aws_security_group.efs"
          ]
        }
      ]
    },
    {
      "module": "module.compute",
      "mode": "managed",
      "type": "aws_iam_role",
      "name": "ecs_task_execution",
      "provider": "provider[\"registry.terraform.io/hashicorp/aws\"]",
      "instances": [
        {
          "schema_version": 0,
          "attributes": {
            "arn": "arn:aws:iam::543518525624:role/wikijs-dev-ecs-task-execution",
            "assume_role_policy": "{\"Statement\":[{\"Action\":\"sts:AssumeRole\",\"Effect\":\"Allow\",\"Principal\":{\"Service\":\"ecs-tasks.amazonaws.com\"}}],\"Version\":\"2012-10-17\"}",
            "create_date": "2025-09-27T09:04:19Z",
            "description": "",
            "force_detach_policies": false,
            "id": "wikijs-dev-ecs-task-execution",
            "inline_policy": [
              {
                "name": "wikijs-dev-ecs-secrets",
                "policy": "{\"Version\":\"2012-10-17\",\"Statement\":[{\"Action\":[\"secretsmanager:GetSecretValue\"],\"Effect\":\"Allow\",\"Resource\":\"arn:aws:secretsmanager:il-central-1:543518525624:secret:wikijs-dev-db-password-8b63e129-COtKsE\"}]}"
              }
            ],
            "managed_policy_arns": [
              "arn:aws:iam::aws:policy/service-role/AmazonECSTaskExecutionRolePolicy"
            ],
            "max_session_duration": 3600,
            "name": "wikijs-dev-ecs-task-execution",
            "name_prefix": "",
            "path": "/",
            "permissions_boundary": "",
            "tags": {
              "Environment": "dev",
              "Project": "wikijs",
              "Region": "il-central-1"
            },
            "tags_all": {
              "Environment": "dev",
              "ManagedBy": "Terraform",
              "Project": "wikijs",
              "Region": "il-central-1",
              "Repository": "wiki-js-infrastructure"
            },
            "unique_id": "AROAX5DB2RC4M5CXZVDLU"
          },
          "sensitive_attributes": [],
          "identity_schema_version": 0,
          "private": "bnVsbA==",
          "dependencies": [
            "module.database.aws_db_instance.postgres",
            "module.database.aws_db_subnet_group.main",
            "module.database.aws_secretsmanager_secret.db_password",
            "module.database.aws_secretsmanager_secret_version.db_password",
            "module.database.aws_security_group.rds",
            "module.database.random_id.suffix",
            "module.database.random_password.db_password",
            "module.networking.aws_subnet.private",
            "module.networking.aws_vpc.main",
            "module.networking.data.aws_availability_zones.available",
            "module.security.aws_security_group.alb",
            "module.security.aws_security_group.ecs",
            "module.storage.aws_efs_access_point.main",
            "module.storage.aws_efs_file_system.main",
            "module.storage.aws_efs_mount_target.main",
            "module.storage.aws_security_group.efs"
          ]
        }
      ]
    },
    {
      "module": "module.compute",
      "mode": "managed",
      "type": "aws_iam_role_policy",
      "name": "ecs_efs",
      "provider": "provider[\"registry.terraform.io/hashicorp/aws\"]",
      "instances": [
        {
          "schema_version": 0,
          "attributes": {
            "id": "wikijs-dev-ecs-task:wikijs-dev-ecs-efs",
            "name": "wikijs-dev-ecs-efs",
            "name_prefix": "",
            "policy": "{\"Version\":\"2012-10-17\",\"Statement\":[{\"Action\":[\"elasticfilesystem:ClientMount\",\"elasticfilesystem:ClientWrite\"],\"Effect\":\"Allow\",\"Resource\":\"*\"}]}",
            "role": "wikijs-dev-ecs-task"
          },
          "sensitive_attributes": [],
          "identity_schema_version": 0,
          "private": "bnVsbA==",
          "dependencies": [
            "module.compute.aws_iam_role.ecs_task",
            "module.database.aws_db_instance.postgres",
            "module.database.aws_db_subnet_group.main",
            "module.database.aws_secretsmanager_secret.db_password",
            "module.database.aws_secretsmanager_secret_version.db_password",
            "module.database.aws_security_group.rds",
            "module.database.random_id.suffix",
            "module.database.random_password.db_password",
            "module.networking.aws_subnet.private",
            "module.networking.aws_vpc.main",
            "module.networking.data.aws_availability_zones.available",
            "module.security.aws_security_group.alb",
            "module.security.aws_security_group.ecs",
            "module.storage.aws_efs_access_point.main",
            "module.storage.aws_efs_file_system.main",
            "module.storage.aws_efs_mount_target.main",
            "module.storage.aws_security_group.efs"
          ]
        }
      ]
    },
    {
      "module": "module.compute",
      "mode": "managed",
      "type": "aws_iam_role_policy",
      "name": "ecs_secrets",
      "provider": "provider[\"registry.terraform.io/hashicorp/aws\"]",
      "instances": [
        {
          "schema_version": 0,
          "attributes": {
            "id": "wikijs-dev-ecs-task-execution:wikijs-dev-ecs-secrets",
            "name": "wikijs-dev-ecs-secrets",
            "name_prefix": "",
            "policy": "{\"Version\":\"2012-10-17\",\"Statement\":[{\"Action\":[\"secretsmanager:GetSecretValue\"],\"Effect\":\"Allow\",\"Resource\":\"arn:aws:secretsmanager:il-central-1:543518525624:secret:wikijs-dev-db-password-8b63e129-COtKsE\"}]}",
            "role": "wikijs-dev-ecs-task-execution"
          },
          "sensitive_attributes": [],
          "identity_schema_version": 0,
          "private": "bnVsbA==",
          "dependencies": [
            "module.compute.aws_iam_role.ecs_task_execution",
            "module.database.aws_db_instance.postgres",
            "module.database.aws_db_subnet_group.main",
            "module.database.aws_secretsmanager_secret.db_password",
            "module.database.aws_secretsmanager_secret_version.db_password",
            "module.database.aws_security_group.rds",
            "module.database.random_id.suffix",
            "module.database.random_password.db_password",
            "module.networking.aws_subnet.private",
            "module.networking.aws_vpc.main",
            "module.networking.data.aws_availability_zones.available",
            "module.security.aws_security_group.alb",
            "module.security.aws_security_group.ecs",
            "module.storage.aws_efs_access_point.main",
            "module.storage.aws_efs_file_system.main",
            "module.storage.aws_efs_mount_target.main",
            "module.storage.aws_security_group.efs"
          ]
        }
      ]
    },
    {
      "module": "module.compute",
      "mode": "managed",
      "type": "aws_iam_role_policy_attachment",
      "name": "ecs_task_execution",
      "provider": "provider[\"registry.terraform.io/hashicorp/aws\"]",
      "instances": [
        {
          "schema_version": 0,
          "attributes": {
            "id": "wikijs-dev-ecs-task-execution-20250927090419994000000001",
            "policy_arn": "arn:aws:iam::aws:policy/service-role/AmazonECSTaskExecutionRolePolicy",
            "role": "wikijs-dev-ecs-task-execution"
          },
          "sensitive_attributes": [],
          "identity_schema_version": 0,
          "private": "bnVsbA==",
          "dependencies": [
            "module.compute.aws_iam_role.ecs_task_execution",
            "module.database.aws_db_instance.postgres",
            "module.database.aws_db_subnet_group.main",
            "module.database.aws_secretsmanager_secret.db_password",
            "module.database.aws_secretsmanager_secret_version.db_password",
            "module.database.aws_security_group.rds",
            "module.database.random_id.suffix",
            "module.database.random_password.db_password",
            "module.networking.aws_subnet.private",
            "module.networking.aws_vpc.main",
            "module.networking.data.aws_availability_zones.available",
            "module.security.aws_security_group.alb",
            "module.security.aws_security_group.ecs",
            "module.storage.aws_efs_access_point.main",
            "module.storage.aws_efs_file_system.main",
            "module.storage.aws_efs_mount_target.main",
            "module.storage.aws_security_group.efs"
          ]
        }
      ]
    },
    {
      "module": "module.compute",
      "mode": "managed",
      "type": "aws_lb",
      "name": "main",
      "provider": "provider[\"registry.terraform.io/hashicorp/aws\"]",
      "instances": [
        {
          "schema_version": 0,
          "attributes": {
            "access_logs": [
              {
                "bucket": "",
                "enabled": false,
                "prefix": ""
              }
            ],
            "arn": "arn:aws:elasticloadbalancing:il-central-1:543518525624:loadbalancer/app/wikijs-dev-alb/b192ed20b31c1989",
            "arn_suffix": "app/wikijs-dev-alb/b192ed20b31c1989",
            "client_keep_alive": 3600,
            "connection_logs": [
              {
                "bucket": "",
                "enabled": false,
                "prefix": ""
              }
            ],
            "customer_owned_ipv4_pool": "",
            "desync_mitigation_mode": "defensive",
            "dns_name": "wikijs-dev-alb-1763527251.il-central-1.elb.amazonaws.com",
            "dns_record_client_routing_policy": null,
            "drop_invalid_header_fields": false,
            "enable_cross_zone_load_balancing": true,
            "enable_deletion_protection": false,
            "enable_http2": true,
            "enable_tls_version_and_cipher_suite_headers": false,
            "enable_waf_fail_open": false,
            "enable_xff_client_port": false,
            "enable_zonal_shift": false,
            "enforce_security_group_inbound_rules_on_private_link_traffic": "",
            "id": "arn:aws:elasticloadbalancing:il-central-1:543518525624:loadbalancer/app/wikijs-dev-alb/b192ed20b31c1989",
            "idle_timeout": 60,
            "internal": false,
            "ip_address_type": "ipv4",
            "ipam_pools": [],
            "load_balancer_type": "application",
            "minimum_load_balancer_capacity": [],
            "name": "wikijs-dev-alb",
            "name_prefix": "",
            "preserve_host_header": false,
            "security_groups": [
              "sg-0de06812b445f1f3f"
            ],
            "subnet_mapping": [
              {
                "allocation_id": "",
                "ipv6_address": "",
                "outpost_id": "",
                "private_ipv4_address": "",
                "subnet_id": "subnet-022ca519b071a0f52"
              },
              {
                "allocation_id": "",
                "ipv6_address": "",
                "outpost_id": "",
                "private_ipv4_address": "",
                "subnet_id": "subnet-060fbbfcdc501adc9"
              }
            ],
            "subnets": [
              "subnet-022ca519b071a0f52",
              "subnet-060fbbfcdc501adc9"
            ],
            "tags": {
              "Environment": "dev",
              "Name": "wikijs-dev-alb",
              "Project": "wikijs",
              "Region": "il-central-1"
            },
            "tags_all": {
              "Environment": "dev",
              "ManagedBy": "Terraform",
              "Name": "wikijs-dev-alb",
              "Project": "wikijs",
              "Region": "il-central-1",
              "Repository": "wiki-js-infrastructure"
            },
            "timeouts": null,
            "vpc_id": "vpc-0ce72edf986bed177",
            "xff_header_processing_mode": "append",
            "zone_id": "Z09170902867EHPV2DABU"
          },
          "sensitive_attributes": [],
          "identity_schema_version": 0,
          "private": "eyJlMmJmYjczMC1lY2FhLTExZTYtOGY4OC0zNDM2M2JjN2M0YzAiOnsiY3JlYXRlIjo2MDAwMDAwMDAwMDAsImRlbGV0ZSI6NjAwMDAwMDAwMDAwLCJ1cGRhdGUiOjYwMDAwMDAwMDAwMH19",
          "dependencies": [
            "module.database.aws_db_instance.postgres",
            "module.database.aws_db_subnet_group.main",
            "module.database.aws_secretsmanager_secret.db_password",
            "module.database.aws_secretsmanager_secret_version.db_password",
            "module.database.aws_security_group.rds",
            "module.database.random_id.suffix",
            "module.database.random_password.db_password",
            "module.networking.aws_subnet.private",
            "module.networking.aws_subnet.public",
            "module.networking.aws_vpc.main",
            "module.networking.data.aws_availability_zones.available",
            "module.security.aws_security_group.alb",
            "module.security.aws_security_group.ecs",
            "module.storage.aws_efs_access_point.main",
            "module.storage.aws_efs_file_system.main",
            "module.storage.aws_efs_mount_target.main",
            "module.storage.aws_security_group.efs"
          ]
        }
      ]
    },
    {
      "module": "module.compute",
      "mode": "managed",
      "type": "aws_lb_listener",
      "name": "http",
      "provider": "provider[\"registry.terraform.io/hashicorp/aws\"]",
      "instances": [
        {
          "schema_version": 0,
          "attributes": {
            "alpn_policy": null,
            "arn": "arn:aws:elasticloadbalancing:il-central-1:543518525624:listener/app/wikijs-dev-alb/b192ed20b31c1989/393f0235069ea529",
            "certificate_arn": null,
            "default_action": [
              {
                "authenticate_cognito": [],
                "authenticate_oidc": [],
                "fixed_response": [],
                "forward": [],
                "order": 1,
                "redirect": [],
                "target_group_arn": "arn:aws:elasticloadbalancing:il-central-1:543518525624:targetgroup/wikijs-dev-tg/fab31ba07d5ba0ce",
                "type": "forward"
              }
            ],
            "id": "arn:aws:elasticloadbalancing:il-central-1:543518525624:listener/app/wikijs-dev-alb/b192ed20b31c1989/393f0235069ea529",
            "load_balancer_arn": "arn:aws:elasticloadbalancing:il-central-1:543518525624:loadbalancer/app/wikijs-dev-alb/b192ed20b31c1989",
            "mutual_authentication": [],
            "port": 80,
            "protocol": "HTTP",
            "routing_http_request_x_amzn_mtls_clientcert_header_name": null,
            "routing_http_request_x_amzn_mtls_clientcert_issuer_header_name": null,
            "routing_http_request_x_amzn_mtls_clientcert_leaf_header_name": null,
            "routing_http_request_x_amzn_mtls_clientcert_serial_number_header_name": null,
            "routing_http_request_x_amzn_mtls_clientcert_subject_header_name": null,
            "routing_http_request_x_amzn_mtls_clientcert_validity_header_name": null,
            "routing_http_request_x_amzn_tls_cipher_suite_header_name": null,
            "routing_http_request_x_amzn_tls_version_header_name": null,
            "routing_http_response_access_control_allow_credentials_header_value": "",
            "routing_http_response_access_control_allow_headers_header_value": "",
            "routing_http_response_access_control_allow_methods_header_value": "",
            "routing_http_response_access_control_allow_origin_header_value": "",
            "routing_http_response_access_control_expose_headers_header_value": "",
            "routing_http_response_access_control_max_age_header_value": "",
            "routing_http_response_content_security_policy_header_value": "",
            "routing_http_response_server_enabled": true,
            "routing_http_response_strict_transport_security_header_value": "",
            "routing_http_response_x_content_type_options_header_value": "",
            "routing_http_response_x_frame_options_header_value": "",
            "ssl_policy": "",
            "tags": {},
            "tags_all": {
              "Environment": "dev",
              "ManagedBy": "Terraform",
              "Project": "WikiJS",
              "Repository": "wiki-js-infrastructure"
            },
            "tcp_idle_timeout_seconds": null,
            "timeouts": null
          },
          "sensitive_attributes": [],
          "identity_schema_version": 0,
          "private": "eyJlMmJmYjczMC1lY2FhLTExZTYtOGY4OC0zNDM2M2JjN2M0YzAiOnsiY3JlYXRlIjozMDAwMDAwMDAwMDAsInVwZGF0ZSI6MzAwMDAwMDAwMDAwfX0=",
          "dependencies": [
            "module.compute.aws_lb.main",
            "module.compute.aws_lb_target_group.wikijs",
            "module.database.aws_db_instance.postgres",
            "module.database.aws_db_subnet_group.main",
            "module.database.aws_secretsmanager_secret.db_password",
            "module.database.aws_secretsmanager_secret_version.db_password",
            "module.database.aws_security_group.rds",
            "module.database.random_id.suffix",
            "module.database.random_password.db_password",
            "module.networking.aws_subnet.private",
            "module.networking.aws_subnet.public",
            "module.networking.aws_vpc.main",
            "module.networking.data.aws_availability_zones.available",
            "module.security.aws_security_group.alb",
            "module.security.aws_security_group.ecs",
            "module.storage.aws_efs_access_point.main",
            "module.storage.aws_efs_file_system.main",
            "module.storage.aws_efs_mount_target.main",
            "module.storage.aws_security_group.efs"
          ]
        }
      ]
    },
    {
      "module": "module.compute",
      "mode": "managed",
      "type": "aws_lb_target_group",
      "name": "wikijs",
      "provider": "provider[\"registry.terraform.io/hashicorp/aws\"]",
      "instances": [
        {
          "schema_version": 0,
          "attributes": {
            "arn": "arn:aws:elasticloadbalancing:il-central-1:543518525624:targetgroup/wikijs-dev-tg/fab31ba07d5ba0ce",
            "arn_suffix": "targetgroup/wikijs-dev-tg/fab31ba07d5ba0ce",
            "connection_termination": null,
            "deregistration_delay": "30",
            "health_check": [
              {
                "enabled": true,
                "healthy_threshold": 2,
                "interval": 30,
                "matcher": "200",
                "path": "/",
                "port": "traffic-port",
                "protocol": "HTTP",
                "timeout": 10,
                "unhealthy_threshold": 2
              }
            ],
            "id": "arn:aws:elasticloadbalancing:il-central-1:543518525624:targetgroup/wikijs-dev-tg/fab31ba07d5ba0ce",
            "ip_address_type": "ipv4",
            "lambda_multi_value_headers_enabled": false,
            "load_balancer_arns": [
              "arn:aws:elasticloadbalancing:il-central-1:543518525624:loadbalancer/app/wikijs-dev-alb/b192ed20b31c1989"
            ],
            "load_balancing_algorithm_type": "round_robin",
            "load_balancing_anomaly_mitigation": "off",
            "load_balancing_cross_zone_enabled": "use_load_balancer_configuration",
            "name": "wikijs-dev-tg",
            "name_prefix": "",
            "port": 3000,
            "preserve_client_ip": null,
            "protocol": "HTTP",
            "protocol_version": "HTTP1",
            "proxy_protocol_v2": false,
            "slow_start": 0,
            "stickiness": [
              {
                "cookie_duration": 86400,
                "cookie_name": "",
                "enabled": false,
                "type": "lb_cookie"
              }
            ],
            "tags": {
              "Environment": "dev",
              "Project": "wikijs",
              "Region": "il-central-1"
            },
            "tags_all": {
              "Environment": "dev",
              "ManagedBy": "Terraform",
              "Project": "wikijs",
              "Region": "il-central-1",
              "Repository": "wiki-js-infrastructure"
            },
            "target_failover": [
              {
                "on_deregistration": null,
                "on_unhealthy": null
              }
            ],
            "target_group_health": [
              {
                "dns_failover": [
                  {
                    "minimum_healthy_targets_count": "1",
                    "minimum_healthy_targets_percentage": "off"
                  }
                ],
                "unhealthy_state_routing": [
                  {
                    "minimum_healthy_targets_count": 1,
                    "minimum_healthy_targets_percentage": "off"
                  }
                ]
              }
            ],
            "target_health_state": [
              {
                "enable_unhealthy_connection_termination": null,
                "unhealthy_draining_interval": null
              }
            ],
            "target_type": "ip",
            "vpc_id": "vpc-0ce72edf986bed177"
          },
          "sensitive_attributes": [],
          "identity_schema_version": 0,
          "private": "bnVsbA==",
          "dependencies": [
            "module.database.aws_db_instance.postgres",
            "module.database.aws_db_subnet_group.main",
            "module.database.aws_secretsmanager_secret.db_password",
            "module.database.aws_secretsmanager_secret_version.db_password",
            "module.database.aws_security_group.rds",
            "module.database.random_id.suffix",
            "module.database.random_password.db_password",
            "module.networking.aws_subnet.private",
            "module.networking.aws_vpc.main",
            "module.networking.data.aws_availability_zones.available",
            "module.security.aws_security_group.alb",
            "module.security.aws_security_group.ecs",
            "module.storage.aws_efs_access_point.main",
            "module.storage.aws_efs_file_system.main",
            "module.storage.aws_efs_mount_target.main",
            "module.storage.aws_security_group.efs"
          ]
        }
      ]
    },
    {
      "module": "module.database",
      "mode": "managed",
      "type": "aws_db_instance",
      "name": "postgres",
      "provider": "provider[\"registry.terraform.io/hashicorp/aws\"]",
      "instances": [
        {
          "schema_version": 2,
          "attributes": {
            "address": "wikijs-dev-db.cd0eqigm0j1h.il-central-1.rds.amazonaws.com",
            "allocated_storage": 20,
            "allow_major_version_upgrade": null,
            "apply_immediately": false,
            "arn": "arn:aws:rds:il-central-1:543518525624:db:wikijs-dev-db",
            "auto_minor_version_upgrade": true,
            "availability_zone": "il-central-1a",
            "backup_retention_period": 7,
            "backup_target": "region",
            "backup_window": "03:00-04:00",
            "blue_green_update": [],
            "ca_cert_identifier": "rds-ca-rsa2048-g1",
            "character_set_name": "",
            "copy_tags_to_snapshot": false,
            "custom_iam_instance_profile": "",
            "customer_owned_ip_enabled": false,
            "database_insights_mode": "standard",
            "db_name": "wikijs",
            "db_subnet_group_name": "wikijs-dev-db-subnet",
            "dedicated_log_volume": false,
            "delete_automated_backups": true,
            "deletion_protection": false,
            "domain": "",
            "domain_auth_secret_arn": "",
            "domain_dns_ips": [],
            "domain_fqdn": "",
            "domain_iam_role_name": "",
            "domain_ou": "",
            "enabled_cloudwatch_logs_exports": [
              "postgresql"
            ],
            "endpoint": "wikijs-dev-db.cd0eqigm0j1h.il-central-1.rds.amazonaws.com:5432",
            "engine": "postgres",
            "engine_lifecycle_support": "open-source-rds-extended-support",
            "engine_version": "15.7",
            "engine_version_actual": "15.7",
            "final_snapshot_identifier": null,
            "hosted_zone_id": "Z020200896DURA6O7R5J",
            "iam_database_authentication_enabled": false,
            "id": "db-R4EMSRVJ7LRKKBEJO7ANXM3V3U",
            "identifier": "wikijs-dev-db",
            "identifier_prefix": "",
            "instance_class": "db.m6gd.xlarge",
            "iops": 3000,
            "kms_key_id": "arn:aws:kms:il-central-1:543518525624:key/633a729d-9a61-4b71-a87a-2a33c88d8d37",
            "latest_restorable_time": "2025-09-27T09:08:56Z",
            "license_model": "postgresql-license",
            "listener_endpoint": [],
            "maintenance_window": "sun:04:00-sun:05:00",
            "manage_master_user_password": null,
            "master_user_secret": [],
            "master_user_secret_kms_key_id": null,
            "max_allocated_storage": 0,
            "monitoring_interval": 0,
            "monitoring_role_arn": "",
            "multi_az": false,
            "nchar_character_set_name": "",
            "network_type": "IPV4",
            "option_group_name": "default:postgres-15",
            "parameter_group_name": "default.postgres15",
            "password": "e#NpV2\u003cHk\u0026[![rcv7v[\u0026*u6ij\u003cK%AIT-",
            "password_wo": null,
            "password_wo_version": null,
            "performance_insights_enabled": false,
            "performance_insights_kms_key_id": "",
            "performance_insights_retention_period": 0,
            "port": 5432,
            "publicly_accessible": false,
            "replica_mode": "",
            "replicas": [],
            "replicate_source_db": "",
            "resource_id": "db-R4EMSRVJ7LRKKBEJO7ANXM3V3U",
            "restore_to_point_in_time": [],
            "s3_import": [],
            "skip_final_snapshot": true,
            "snapshot_identifier": null,
            "status": "available",
            "storage_encrypted": true,
            "storage_throughput": 125,
            "storage_type": "gp3",
            "tags": {
              "Environment": "dev",
              "Name": "wikijs-dev-database",
              "Project": "wikijs",
              "Region": "il-central-1"
            },
            "tags_all": {
              "Environment": "dev",
              "ManagedBy": "Terraform",
              "Name": "wikijs-dev-database",
              "Project": "wikijs",
              "Region": "il-central-1",
              "Repository": "wiki-js-infrastructure"
            },
            "timeouts": null,
            "timezone": "",
            "upgrade_storage_config": null,
            "username": "wikiadmin",
            "vpc_security_group_ids": [
              "sg-04a0fd34b0b6bb9f5"
            ]
          },
          "sensitive_attributes": [
            [
              {
                "type": "get_attr",
                "value": "password"
              }
            ],
            [
              {
                "type": "get_attr",
                "value": "password_wo"
              }
            ]
          ],
          "identity_schema_version": 0,
          "private": "eyJlMmJmYjczMC1lY2FhLTExZTYtOGY4OC0zNDM2M2JjN2M0YzAiOnsiY3JlYXRlIjozMDAwMDAwMDAwMDAwLCJkZWxldGUiOjM2MDAwMDAwMDAwMDAsInVwZGF0ZSI6NDgwMDAwMDAwMDAwMH0sInNjaGVtYV92ZXJzaW9uIjoiMiJ9",
          "dependencies": [
            "module.database.aws_db_subnet_group.main",
            "module.database.aws_security_group.rds",
            "module.database.random_password.db_password",
            "module.networking.aws_subnet.private",
            "module.networking.aws_vpc.main",
            "module.networking.data.aws_availability_zones.available",
            "module.security.aws_security_group.alb",
            "module.security.aws_security_group.ecs"
          ]
        }
      ]
    },
    {
      "module": "module.database",
      "mode": "managed",
      "type": "aws_db_subnet_group",
      "name": "main",
      "provider": "provider[\"registry.terraform.io/hashicorp/aws\"]",
      "instances": [
        {
          "schema_version": 0,
          "attributes": {
            "arn": "arn:aws:rds:il-central-1:543518525624:subgrp:wikijs-dev-db-subnet",
            "description": "Managed by Terraform",
            "id": "wikijs-dev-db-subnet",
            "name": "wikijs-dev-db-subnet",
            "name_prefix": "",
            "subnet_ids": [
              "subnet-00a0044b6842a4839",
              "subnet-01e8fb6fe7ee9e60c"
            ],
            "supported_network_types": [
              "IPV4"
            ],
            "tags": {
              "Environment": "dev",
              "Name": "wikijs-dev-db-subnet-group",
              "Project": "wikijs",
              "Region": "il-central-1"
            },
            "tags_all": {
              "Environment": "dev",
              "ManagedBy": "Terraform",
              "Name": "wikijs-dev-db-subnet-group",
              "Project": "wikijs",
              "Region": "il-central-1",
              "Repository": "wiki-js-infrastructure"
            },
            "vpc_id": "vpc-0ce72edf986bed177"
          },
          "sensitive_attributes": [],
          "identity_schema_version": 0,
          "private": "bnVsbA==",
          "dependencies": [
            "module.networking.aws_subnet.private",
            "module.networking.aws_vpc.main",
            "module.networking.data.aws_availability_zones.available"
          ]
        }
      ]
    },
    {
      "module": "module.database",
      "mode": "managed",
      "type": "aws_secretsmanager_secret",
      "name": "db_password",
      "provider": "provider[\"registry.terraform.io/hashicorp/aws\"]",
      "instances": [
        {
          "schema_version": 0,
          "attributes": {
            "arn": "arn:aws:secretsmanager:il-central-1:543518525624:secret:wikijs-dev-db-password-8b63e129-COtKsE",
            "description": "",
            "force_overwrite_replica_secret": false,
            "id": "arn:aws:secretsmanager:il-central-1:543518525624:secret:wikijs-dev-db-password-8b63e129-COtKsE",
            "kms_key_id": "",
            "name": "wikijs-dev-db-password-8b63e129",
            "name_prefix": "",
            "policy": "",
            "recovery_window_in_days": 0,
            "replica": [],
            "tags": {
              "Environment": "dev",
              "Project": "wikijs",
              "Region": "il-central-1"
            },
            "tags_all": {
              "Environment": "dev",
              "ManagedBy": "Terraform",
              "Project": "wikijs",
              "Region": "il-central-1",
              "Repository": "wiki-js-infrastructure"
            }
          },
          "sensitive_attributes": [],
          "identity_schema_version": 0,
          "private": "bnVsbA==",
          "dependencies": [
            "module.database.random_id.suffix"
          ]
        }
      ]
    },
    {
      "module": "module.database",
      "mode": "managed",
      "type": "aws_secretsmanager_secret_version",
      "name": "db_password",
      "provider": "provider[\"registry.terraform.io/hashicorp/aws\"]",
      "instances": [
        {
          "schema_version": 0,
          "attributes": {
            "arn": "arn:aws:secretsmanager:il-central-1:543518525624:secret:wikijs-dev-db-password-8b63e129-COtKsE",
            "has_secret_string_wo": null,
            "id": "arn:aws:secretsmanager:il-central-1:543518525624:secret:wikijs-dev-db-password-8b63e129-COtKsE|terraform-20250927084146609000000002",
            "secret_binary": "",
            "secret_id": "arn:aws:secretsmanager:il-central-1:543518525624:secret:wikijs-dev-db-password-8b63e129-COtKsE",
            "secret_string": "e#NpV2\u003cHk\u0026[![rcv7v[\u0026*u6ij\u003cK%AIT-",
            "secret_string_wo": null,
            "secret_string_wo_version": null,
            "version_id": "terraform-20250927084146609000000002",
            "version_stages": [
              "AWSCURRENT"
            ]
          },
          "sensitive_attributes": [
            [
              {
                "type": "get_attr",
                "value": "secret_binary"
              }
            ],
            [
              {
                "type": "get_attr",
                "value": "secret_string"
              }
            ],
            [
              {
                "type": "get_attr",
                "value": "secret_string_wo"
              }
            ]
          ],
          "identity_schema_version": 0,
          "private": "bnVsbA==",
          "dependencies": [
            "module.database.aws_secretsmanager_secret.db_password",
            "module.database.random_id.suffix",
            "module.database.random_password.db_password"
          ]
        }
      ]
    },
    {
      "module": "module.database",
      "mode": "managed",
      "type": "aws_security_group",
      "name": "rds",
      "provider": "provider[\"registry.terraform.io/hashicorp/aws\"]",
      "instances": [
        {
          "schema_version": 1,
          "attributes": {
            "arn": "arn:aws:ec2:il-central-1:543518525624:security-group/sg-04a0fd34b0b6bb9f5",
            "description": "Security group for RDS database",
            "egress": [
              {
                "cidr_blocks": [
                  "0.0.0.0/0"
                ],
                "description": "All outbound traffic",
                "from_port": 0,
                "ipv6_cidr_blocks": [],
                "prefix_list_ids": [],
                "protocol": "-1",
                "security_groups": [],
                "self": false,
                "to_port": 0
              }
            ],
            "id": "sg-04a0fd34b0b6bb9f5",
            "ingress": [
              {
                "cidr_blocks": [],
                "description": "PostgreSQL from ECS",
                "from_port": 5432,
                "ipv6_cidr_blocks": [],
                "prefix_list_ids": [],
                "protocol": "tcp",
                "security_groups": [
                  "sg-06a08137b6f6d3579"
                ],
                "self": false,
                "to_port": 5432
              }
            ],
            "name": "wikijs-dev-rds-sg",
            "name_prefix": "",
            "owner_id": "543518525624",
            "revoke_rules_on_delete": false,
            "tags": {
              "Environment": "dev",
              "Name": "wikijs-dev-rds-sg",
              "Project": "wikijs",
              "Region": "il-central-1"
            },
            "tags_all": {
              "Environment": "dev",
              "ManagedBy": "Terraform",
              "Name": "wikijs-dev-rds-sg",
              "Project": "wikijs",
              "Region": "il-central-1",
              "Repository": "wiki-js-infrastructure"
            },
            "timeouts": null,
            "vpc_id": "vpc-0ce72edf986bed177"
          },
          "sensitive_attributes": [],
          "identity_schema_version": 0,
          "private": "eyJlMmJmYjczMC1lY2FhLTExZTYtOGY4OC0zNDM2M2JjN2M0YzAiOnsiY3JlYXRlIjo2MDAwMDAwMDAwMDAsImRlbGV0ZSI6OTAwMDAwMDAwMDAwfSwic2NoZW1hX3ZlcnNpb24iOiIxIn0=",
          "dependencies": [
            "module.networking.aws_vpc.main",
            "module.security.aws_security_group.alb",
            "module.security.aws_security_group.ecs"
          ]
        }
      ]
    },
    {
      "module": "module.database",
      "mode": "managed",
      "type": "random_id",
      "name": "suffix",
      "provider": "provider[\"registry.terraform.io/hashicorp/random\"]",
      "instances": [
        {
          "schema_version": 0,
          "attributes": {
            "b64_std": "i2PhKQ==",
            "b64_url": "i2PhKQ",
            "byte_length": 4,
            "dec": "2338578729",
            "hex": "8b63e129",
            "id": "i2PhKQ",
            "keepers": null,
            "prefix": null
          },
          "sensitive_attributes": [],
          "identity_schema_version": 0
        }
      ]
    },
    {
      "module": "module.database",
      "mode": "managed",
      "type": "random_password",
      "name": "db_password",
      "provider": "provider[\"registry.terraform.io/hashicorp/random\"]",
      "instances": [
        {
          "schema_version": 3,
          "attributes": {
            "bcrypt_hash": "$2a$10$Sch/WHR8WCErny5/qkNCuO.24ztBiZWDV3x/ETGv8Tx7Iz33XfhQS",
            "id": "none",
            "keepers": null,
            "length": 32,
            "lower": true,
            "min_lower": 0,
            "min_numeric": 0,
            "min_special": 0,
            "min_upper": 0,
            "number": true,
            "numeric": true,
            "override_special": "!#$%\u0026*()-_=+[]{}\u003c\u003e:?",
            "result": "e#NpV2\u003cHk\u0026[![rcv7v[\u0026*u6ij\u003cK%AIT-",
            "special": true,
            "upper": true
          },
          "sensitive_attributes": [
            [
              {
                "type": "get_attr",
                "value": "bcrypt_hash"
              }
            ],
            [
              {
                "type": "get_attr",
                "value": "result"
              }
            ]
          ],
          "identity_schema_version": 0
        }
      ]
    },
    {
      "module": "module.monitoring",
      "mode": "data",
      "type": "aws_region",
      "name": "current",
      "provider": "provider[\"registry.terraform.io/hashicorp/aws\"]",
      "instances": [
        {
          "schema_version": 0,
          "attributes": {
            "description": "Israel (Tel Aviv)",
            "endpoint": "ec2.il-central-1.amazonaws.com",
            "id": "il-central-1",
            "name": "il-central-1"
          },
          "sensitive_attributes": [],
          "identity_schema_version": 0
        }
      ]
    },
    {
      "module": "module.monitoring",
      "mode": "managed",
      "type": "aws_cloudwatch_dashboard",
      "name": "main",
      "provider": "provider[\"registry.terraform.io/hashicorp/aws\"]",
      "instances": [
        {
          "schema_version": 0,
          "attributes": {
            "dashboard_arn": "arn:aws:cloudwatch::543518525624:dashboard/wikijs-dev",
            "dashboard_body": "{\"widgets\":[{\"properties\":{\"metrics\":[[\"AWS/ECS\",\"CPUUtilization\",\"ClusterName\",\"wikijs-dev-cluster\",\"ServiceName\",\"wikijs-dev\"]],\"period\":300,\"region\":\"il-central-1\",\"stat\":\"Average\",\"title\":\"ECS CPU Utilization\",\"view\":\"timeSeries\"},\"type\":\"metric\"},{\"properties\":{\"metrics\":[[\"AWS/ECS\",\"MemoryUtilization\",\"ClusterName\",\"wikijs-dev-cluster\",\"ServiceName\",\"wikijs-dev\"]],\"period\":300,\"region\":\"il-central-1\",\"stat\":\"Average\",\"title\":\"ECS Memory Utilization\",\"view\":\"timeSeries\"},\"type\":\"metric\"},{\"properties\":{\"metrics\":[[\"AWS/ApplicationELB\",\"RequestCount\",\"LoadBalancer\",\"app/wikijs-dev-alb/b192ed20b31c1989\"]],\"period\":300,\"region\":\"il-central-1\",\"stat\":\"Sum\",\"title\":\"ALB Request Count\",\"view\":\"timeSeries\"},\"type\":\"metric\"}]}",
            "dashboard_name": "wikijs-dev",
            "id": "wikijs-dev"
          },
          "sensitive_attributes": [],
          "identity_schema_version": 0,
          "private": "bnVsbA==",
          "dependencies": [
            "module.compute.aws_cloudwatch_log_group.ecs",
            "module.compute.aws_ecs_cluster.main",
            "module.compute.aws_ecs_service.wikijs",
            "module.compute.aws_ecs_task_definition.wikijs",
            "module.compute.aws_iam_role.ecs_task",
            "module.compute.aws_iam_role.ecs_task_execution",
            "module.compute.aws_iam_role_policy_attachment.ecs_task_execution",
            "module.compute.aws_lb.main",
            "module.compute.aws_lb_listener.http",
            "module.compute.aws_lb_target_group.wikijs",
            "module.compute.data.aws_region.current",
            "module.database.aws_db_instance.postgres",
            "module.database.aws_db_subnet_group.main",
            "module.database.aws_secretsmanager_secret.db_password",
            "module.database.aws_secretsmanager_secret_version.db_password",
            "module.database.aws_security_group.rds",
            "module.database.random_id.suffix",
            "module.database.random_password.db_password",
            "module.monitoring.data.aws_region.current",
            "module.networking.aws_subnet.private",
            "module.networking.aws_subnet.public",
            "module.networking.aws_vpc.main",
            "module.networking.data.aws_availability_zones.available",
            "module.security.aws_security_group.alb",
            "module.security.aws_security_group.ecs",
            "module.storage.aws_efs_access_point.main",
            "module.storage.aws_efs_file_system.main",
            "module.storage.aws_efs_mount_target.main",
            "module.storage.aws_security_group.efs"
          ]
        }
      ]
    },
    {
      "module": "module.monitoring",
      "mode": "managed",
      "type": "aws_cloudwatch_metric_alarm",
      "name": "alb_target_unhealthy",
      "provider": "provider[\"registry.terraform.io/hashicorp/aws\"]",
      "instances": [
        {
          "schema_version": 1,
          "attributes": {
            "actions_enabled": true,
            "alarm_actions": [],
            "alarm_description": "Alert when we have unhealthy targets",
            "alarm_name": "wikijs-dev-alb-unhealthy-targets",
            "arn": "arn:aws:cloudwatch:il-central-1:543518525624:alarm:wikijs-dev-alb-unhealthy-targets",
            "comparison_operator": "GreaterThanThreshold",
            "datapoints_to_alarm": 0,
            "dimensions": {
              "LoadBalancer": "app/wikijs-dev-alb/b192ed20b31c1989"
            },
            "evaluate_low_sample_count_percentiles": "",
            "evaluation_periods": 2,
            "extended_statistic": "",
            "id": "wikijs-dev-alb-unhealthy-targets",
            "insufficient_data_actions": [],
            "metric_name": "UnHealthyHostCount",
            "metric_query": [],
            "namespace": "AWS/ApplicationELB",
            "ok_actions": [],
            "period": 60,
            "statistic": "Average",
            "tags": {
              "Environment": "dev",
              "Project": "wikijs",
              "Region": "il-central-1"
            },
            "tags_all": {
              "Environment": "dev",
              "ManagedBy": "Terraform",
              "Project": "wikijs",
              "Region": "il-central-1",
              "Repository": "wiki-js-infrastructure"
            },
            "threshold": 0,
            "threshold_metric_id": "",
            "treat_missing_data": "missing",
            "unit": ""
          },
          "sensitive_attributes": [],
          "identity_schema_version": 0,
          "private": "eyJzY2hlbWFfdmVyc2lvbiI6IjEifQ==",
          "dependencies": [
            "module.compute.aws_lb.main",
            "module.database.aws_db_instance.postgres",
            "module.database.aws_db_subnet_group.main",
            "module.database.aws_secretsmanager_secret.db_password",
            "module.database.aws_secretsmanager_secret_version.db_password",
            "module.database.aws_security_group.rds",
            "module.database.random_id.suffix",
            "module.database.random_password.db_password",
            "module.monitoring.aws_sns_topic.alerts",
            "module.networking.aws_subnet.private",
            "module.networking.aws_subnet.public",
            "module.networking.aws_vpc.main",
            "module.networking.data.aws_availability_zones.available",
            "module.security.aws_security_group.alb",
            "module.security.aws_security_group.ecs",
            "module.storage.aws_efs_access_point.main",
            "module.storage.aws_efs_file_system.main",
            "module.storage.aws_efs_mount_target.main",
            "module.storage.aws_security_group.efs"
          ]
        }
      ]
    },
    {
      "module": "module.monitoring",
      "mode": "managed",
      "type": "aws_cloudwatch_metric_alarm",
      "name": "ecs_cpu_high",
      "provider": "provider[\"registry.terraform.io/hashicorp/aws\"]",
      "instances": [
        {
          "schema_version": 1,
          "attributes": {
            "actions_enabled": true,
            "alarm_actions": [],
            "alarm_description": "This metric monitors ECS CPU utilization",
            "alarm_name": "wikijs-dev-ecs-cpu-high",
            "arn": "arn:aws:cloudwatch:il-central-1:543518525624:alarm:wikijs-dev-ecs-cpu-high",
            "comparison_operator": "GreaterThanThreshold",
            "datapoints_to_alarm": 0,
            "dimensions": {
              "ClusterName": "wikijs-dev-cluster",
              "ServiceName": "wikijs-dev"
            },
            "evaluate_low_sample_count_percentiles": "",
            "evaluation_periods": 2,
            "extended_statistic": "",
            "id": "wikijs-dev-ecs-cpu-high",
            "insufficient_data_actions": [],
            "metric_name": "CPUUtilization",
            "metric_query": [],
            "namespace": "AWS/ECS",
            "ok_actions": [],
            "period": 300,
            "statistic": "Average",
            "tags": {
              "Environment": "dev",
              "Project": "wikijs",
              "Region": "il-central-1"
            },
            "tags_all": {
              "Environment": "dev",
              "ManagedBy": "Terraform",
              "Project": "wikijs",
              "Region": "il-central-1",
              "Repository": "wiki-js-infrastructure"
            },
            "threshold": 80,
            "threshold_metric_id": "",
            "treat_missing_data": "missing",
            "unit": ""
          },
          "sensitive_attributes": [],
          "identity_schema_version": 0,
          "private": "eyJzY2hlbWFfdmVyc2lvbiI6IjEifQ==",
          "dependencies": [
            "module.compute.aws_cloudwatch_log_group.ecs",
            "module.compute.aws_ecs_cluster.main",
            "module.compute.aws_ecs_service.wikijs",
            "module.compute.aws_ecs_task_definition.wikijs",
            "module.compute.aws_iam_role.ecs_task",
            "module.compute.aws_iam_role.ecs_task_execution",
            "module.compute.aws_iam_role_policy_attachment.ecs_task_execution",
            "module.compute.aws_lb.main",
            "module.compute.aws_lb_listener.http",
            "module.compute.aws_lb_target_group.wikijs",
            "module.compute.data.aws_region.current",
            "module.database.aws_db_instance.postgres",
            "module.database.aws_db_subnet_group.main",
            "module.database.aws_secretsmanager_secret.db_password",
            "module.database.aws_secretsmanager_secret_version.db_password",
            "module.database.aws_security_group.rds",
            "module.database.random_id.suffix",
            "module.database.random_password.db_password",
            "module.monitoring.aws_sns_topic.alerts",
            "module.networking.aws_subnet.private",
            "module.networking.aws_subnet.public",
            "module.networking.aws_vpc.main",
            "module.networking.data.aws_availability_zones.available",
            "module.security.aws_security_group.alb",
            "module.security.aws_security_group.ecs",
            "module.storage.aws_efs_access_point.main",
            "module.storage.aws_efs_file_system.main",
            "module.storage.aws_efs_mount_target.main",
            "module.storage.aws_security_group.efs"
          ]
        }
      ]
    },
    {
      "module": "module.monitoring",
      "mode": "managed",
      "type": "aws_cloudwatch_metric_alarm",
      "name": "ecs_memory_high",
      "provider": "provider[\"registry.terraform.io/hashicorp/aws\"]",
      "instances": [
        {
          "schema_version": 1,
          "attributes": {
            "actions_enabled": true,
            "alarm_actions": [],
            "alarm_description": "This metric monitors ECS memory utilization",
            "alarm_name": "wikijs-dev-ecs-memory-high",
            "arn": "arn:aws:cloudwatch:il-central-1:543518525624:alarm:wikijs-dev-ecs-memory-high",
            "comparison_operator": "GreaterThanThreshold",
            "datapoints_to_alarm": 0,
            "dimensions": {
              "ClusterName": "wikijs-dev-cluster",
              "ServiceName": "wikijs-dev"
            },
            "evaluate_low_sample_count_percentiles": "",
            "evaluation_periods": 2,
            "extended_statistic": "",
            "id": "wikijs-dev-ecs-memory-high",
            "insufficient_data_actions": [],
            "metric_name": "MemoryUtilization",
            "metric_query": [],
            "namespace": "AWS/ECS",
            "ok_actions": [],
            "period": 300,
            "statistic": "Average",
            "tags": {
              "Environment": "dev",
              "Project": "wikijs",
              "Region": "il-central-1"
            },
            "tags_all": {
              "Environment": "dev",
              "ManagedBy": "Terraform",
              "Project": "wikijs",
              "Region": "il-central-1",
              "Repository": "wiki-js-infrastructure"
            },
            "threshold": 80,
            "threshold_metric_id": "",
            "treat_missing_data": "missing",
            "unit": ""
          },
          "sensitive_attributes": [],
          "identity_schema_version": 0,
          "private": "eyJzY2hlbWFfdmVyc2lvbiI6IjEifQ==",
          "dependencies": [
            "module.compute.aws_cloudwatch_log_group.ecs",
            "module.compute.aws_ecs_cluster.main",
            "module.compute.aws_ecs_service.wikijs",
            "module.compute.aws_ecs_task_definition.wikijs",
            "module.compute.aws_iam_role.ecs_task",
            "module.compute.aws_iam_role.ecs_task_execution",
            "module.compute.aws_iam_role_policy_attachment.ecs_task_execution",
            "module.compute.aws_lb.main",
            "module.compute.aws_lb_listener.http",
            "module.compute.aws_lb_target_group.wikijs",
            "module.compute.data.aws_region.current",
            "module.database.aws_db_instance.postgres",
            "module.database.aws_db_subnet_group.main",
            "module.database.aws_secretsmanager_secret.db_password",
            "module.database.aws_secretsmanager_secret_version.db_password",
            "module.database.aws_security_group.rds",
            "module.database.random_id.suffix",
            "module.database.random_password.db_password",
            "module.monitoring.aws_sns_topic.alerts",
            "module.networking.aws_subnet.private",
            "module.networking.aws_subnet.public",
            "module.networking.aws_vpc.main",
            "module.networking.data.aws_availability_zones.available",
            "module.security.aws_security_group.alb",
            "module.security.aws_security_group.ecs",
            "module.storage.aws_efs_access_point.main",
            "module.storage.aws_efs_file_system.main",
            "module.storage.aws_efs_mount_target.main",
            "module.storage.aws_security_group.efs"
          ]
        }
      ]
    },
    {
      "module": "module.networking",
      "mode": "data",
      "type": "aws_availability_zones",
      "name": "available",
      "provider": "provider[\"registry.terraform.io/hashicorp/aws\"]",
      "instances": [
        {
          "schema_version": 0,
          "attributes": {
            "all_availability_zones": null,
            "exclude_names": null,
            "exclude_zone_ids": null,
            "filter": null,
            "group_names": [
              "il-central-1-zg-1"
            ],
            "id": "il-central-1",
            "names": [
              "il-central-1a",
              "il-central-1b",
              "il-central-1c"
            ],
            "state": "available",
            "timeouts": null,
            "zone_ids": [
              "ilc1-az1",
              "ilc1-az2",
              "ilc1-az3"
            ]
          },
          "sensitive_attributes": [],
          "identity_schema_version": 0
        }
      ]
    },
    {
      "module": "module.networking",
      "mode": "managed",
      "type": "aws_eip",
      "name": "nat",
      "provider": "provider[\"registry.terraform.io/hashicorp/aws\"]",
      "instances": [
        {
          "index_key": 0,
          "schema_version": 0,
          "attributes": {
            "address": null,
            "allocation_id": "eipalloc-0c95c5e2561a37d93",
            "arn": "arn:aws:ec2:il-central-1:543518525624:elastic-ip/eipalloc-0c95c5e2561a37d93",
            "associate_with_private_ip": null,
            "association_id": "eipassoc-00980bd8a995deb98",
            "carrier_ip": "",
            "customer_owned_ip": "",
            "customer_owned_ipv4_pool": "",
            "domain": "vpc",
            "id": "eipalloc-0c95c5e2561a37d93",
            "instance": "",
            "ipam_pool_id": null,
            "network_border_group": "il-central-1",
            "network_interface": "eni-080e5c0d8de9b9613",
            "private_dns": "ip-10-0-0-30.il-central-1.compute.internal",
            "private_ip": "10.0.0.30",
            "ptr_record": "",
            "public_dns": "ec2-51-84-168-12.il-central-1.compute.amazonaws.com",
            "public_ip": "51.84.168.12",
            "public_ipv4_pool": "amazon",
            "tags": {
              "Environment": "dev",
              "Name": "wikijs-dev-nat-eip",
              "Project": "wikijs",
              "Region": "il-central-1"
            },
            "tags_all": {
              "Environment": "dev",
              "ManagedBy": "Terraform",
              "Name": "wikijs-dev-nat-eip",
              "Project": "wikijs",
              "Region": "il-central-1",
              "Repository": "wiki-js-infrastructure"
            },
            "timeouts": null,
            "vpc": true
          },
          "sensitive_attributes": [],
          "identity_schema_version": 0,
          "private": "eyJlMmJmYjczMC1lY2FhLTExZTYtOGY4OC0zNDM2M2JjN2M0YzAiOnsiZGVsZXRlIjoxODAwMDAwMDAwMDAsInJlYWQiOjkwMDAwMDAwMDAwMCwidXBkYXRlIjozMDAwMDAwMDAwMDB9fQ=="
        }
      ]
    },
    {
      "module": "module.networking",
      "mode": "managed",
      "type": "aws_internet_gateway",
      "name": "main",
      "provider": "provider[\"registry.terraform.io/hashicorp/aws\"]",
      "instances": [
        {
          "schema_version": 0,
          "attributes": {
            "arn": "arn:aws:ec2:il-central-1:543518525624:internet-gateway/igw-001aa4068abe1a849",
            "id": "igw-001aa4068abe1a849",
            "owner_id": "543518525624",
            "tags": {
              "Environment": "dev",
              "Name": "wikijs-dev-igw",
              "Project": "wikijs",
              "Region": "il-central-1"
            },
            "tags_all": {
              "Environment": "dev",
              "ManagedBy": "Terraform",
              "Name": "wikijs-dev-igw",
              "Project": "wikijs",
              "Region": "il-central-1",
              "Repository": "wiki-js-infrastructure"
            },
            "timeouts": null,
            "vpc_id": "vpc-0ce72edf986bed177"
          },
          "sensitive_attributes": [],
          "identity_schema_version": 0,
          "private": "eyJlMmJmYjczMC1lY2FhLTExZTYtOGY4OC0zNDM2M2JjN2M0YzAiOnsiY3JlYXRlIjoxMjAwMDAwMDAwMDAwLCJkZWxldGUiOjEyMDAwMDAwMDAwMDAsInVwZGF0ZSI6MTIwMDAwMDAwMDAwMH19",
          "dependencies": [
            "module.networking.aws_vpc.main"
          ]
        }
      ]
    },
    {
      "module": "module.networking",
      "mode": "managed",
      "type": "aws_nat_gateway",
      "name": "main",
      "provider": "provider[\"registry.terraform.io/hashicorp/aws\"]",
      "instances": [
        {
          "index_key": 0,
          "schema_version": 0,
          "attributes": {
            "allocation_id": "eipalloc-0c95c5e2561a37d93",
            "association_id": "eipassoc-00980bd8a995deb98",
            "connectivity_type": "public",
            "id": "nat-0ab1f248224e9533c",
            "network_interface_id": "eni-080e5c0d8de9b9613",
            "private_ip": "10.0.0.30",
            "public_ip": "51.84.168.12",
            "secondary_allocation_ids": [],
            "secondary_private_ip_address_count": 0,
            "secondary_private_ip_addresses": [],
            "subnet_id": "subnet-060fbbfcdc501adc9",
            "tags": {
              "Environment": "dev",
              "Name": "wikijs-dev-nat",
              "Project": "wikijs",
              "Region": "il-central-1"
            },
            "tags_all": {
              "Environment": "dev",
              "ManagedBy": "Terraform",
              "Name": "wikijs-dev-nat",
              "Project": "wikijs",
              "Region": "il-central-1",
              "Repository": "wiki-js-infrastructure"
            },
            "timeouts": null
          },
          "sensitive_attributes": [],
          "identity_schema_version": 0,
          "private": "eyJlMmJmYjczMC1lY2FhLTExZTYtOGY4OC0zNDM2M2JjN2M0YzAiOnsiY3JlYXRlIjo2MDAwMDAwMDAwMDAsImRlbGV0ZSI6MTgwMDAwMDAwMDAwMCwidXBkYXRlIjo2MDAwMDAwMDAwMDB9fQ==",
          "dependencies": [
            "module.networking.aws_eip.nat",
            "module.networking.aws_internet_gateway.main",
            "module.networking.aws_subnet.public",
            "module.networking.aws_vpc.main",
            "module.networking.data.aws_availability_zones.available"
          ]
        }
      ]
    },
    {
      "module": "module.networking",
      "mode": "managed",
      "type": "aws_route_table",
      "name": "private",
      "provider": "provider[\"registry.terraform.io/hashicorp/aws\"]",
      "instances": [
        {
          "schema_version": 0,
          "attributes": {
            "arn": "arn:aws:ec2:il-central-1:543518525624:route-table/rtb-0416a3cf4f5d08cf2",
            "id": "rtb-0416a3cf4f5d08cf2",
            "owner_id": "543518525624",
            "propagating_vgws": [],
            "route": [
              {
                "carrier_gateway_id": "",
                "cidr_block": "0.0.0.0/0",
                "core_network_arn": "",
                "destination_prefix_list_id": "",
                "egress_only_gateway_id": "",
                "gateway_id": "",
                "ipv6_cidr_block": "",
                "local_gateway_id": "",
                "nat_gateway_id": "nat-0ab1f248224e9533c",
                "network_interface_id": "",
                "transit_gateway_id": "",
                "vpc_endpoint_id": "",
                "vpc_peering_connection_id": ""
              }
            ],
            "tags": {
              "Environment": "dev",
              "Name": "wikijs-dev-private-rt",
              "Project": "wikijs",
              "Region": "il-central-1"
            },
            "tags_all": {
              "Environment": "dev",
              "ManagedBy": "Terraform",
              "Name": "wikijs-dev-private-rt",
              "Project": "wikijs",
              "Region": "il-central-1",
              "Repository": "wiki-js-infrastructure"
            },
            "timeouts": null,
            "vpc_id": "vpc-0ce72edf986bed177"
          },
          "sensitive_attributes": [],
          "identity_schema_version": 0,
          "private": "eyJlMmJmYjczMC1lY2FhLTExZTYtOGY4OC0zNDM2M2JjN2M0YzAiOnsiY3JlYXRlIjozMDAwMDAwMDAwMDAsImRlbGV0ZSI6MzAwMDAwMDAwMDAwLCJ1cGRhdGUiOjEyMDAwMDAwMDAwMH19",
          "dependencies": [
            "module.networking.aws_eip.nat",
            "module.networking.aws_internet_gateway.main",
            "module.networking.aws_nat_gateway.main",
            "module.networking.aws_subnet.public",
            "module.networking.aws_vpc.main",
            "module.networking.data.aws_availability_zones.available"
          ]
        }
      ]
    },
    {
      "module": "module.networking",
      "mode": "managed",
      "type": "aws_route_table",
      "name": "public",
      "provider": "provider[\"registry.terraform.io/hashicorp/aws\"]",
      "instances": [
        {
          "schema_version": 0,
          "attributes": {
            "arn": "arn:aws:ec2:il-central-1:543518525624:route-table/rtb-0743c6f42142e1917",
            "id": "rtb-0743c6f42142e1917",
            "owner_id": "543518525624",
            "propagating_vgws": [],
            "route": [
              {
                "carrier_gateway_id": "",
                "cidr_block": "0.0.0.0/0",
                "core_network_arn": "",
                "destination_prefix_list_id": "",
                "egress_only_gateway_id": "",
                "gateway_id": "igw-001aa4068abe1a849",
                "ipv6_cidr_block": "",
                "local_gateway_id": "",
                "nat_gateway_id": "",
                "network_interface_id": "",
                "transit_gateway_id": "",
                "vpc_endpoint_id": "",
                "vpc_peering_connection_id": ""
              }
            ],
            "tags": {
              "Environment": "dev",
              "Name": "wikijs-dev-public-rt",
              "Project": "wikijs",
              "Region": "il-central-1"
            },
            "tags_all": {
              "Environment": "dev",
              "ManagedBy": "Terraform",
              "Name": "wikijs-dev-public-rt",
              "Project": "wikijs",
              "Region": "il-central-1",
              "Repository": "wiki-js-infrastructure"
            },
            "timeouts": null,
            "vpc_id": "vpc-0ce72edf986bed177"
          },
          "sensitive_attributes": [],
          "identity_schema_version": 0,
          "private": "eyJlMmJmYjczMC1lY2FhLTExZTYtOGY4OC0zNDM2M2JjN2M0YzAiOnsiY3JlYXRlIjozMDAwMDAwMDAwMDAsImRlbGV0ZSI6MzAwMDAwMDAwMDAwLCJ1cGRhdGUiOjEyMDAwMDAwMDAwMH19",
          "dependencies": [
            "module.networking.aws_internet_gateway.main",
            "module.networking.aws_vpc.main"
          ]
        }
      ]
    },
    {
      "module": "module.networking",
      "mode": "managed",
      "type": "aws_route_table_association",
      "name": "private",
      "provider": "provider[\"registry.terraform.io/hashicorp/aws\"]",
      "instances": [
        {
          "index_key": 0,
          "schema_version": 0,
          "attributes": {
            "gateway_id": "",
            "id": "rtbassoc-0a1ff07dec1e9937f",
            "route_table_id": "rtb-0416a3cf4f5d08cf2",
            "subnet_id": "subnet-00a0044b6842a4839",
            "timeouts": null
          },
          "sensitive_attributes": [],
          "identity_schema_version": 0,
          "private": "eyJlMmJmYjczMC1lY2FhLTExZTYtOGY4OC0zNDM2M2JjN2M0YzAiOnsiY3JlYXRlIjozMDAwMDAwMDAwMDAsImRlbGV0ZSI6MzAwMDAwMDAwMDAwLCJ1cGRhdGUiOjEyMDAwMDAwMDAwMH19",
          "dependencies": [
            "module.networking.aws_eip.nat",
            "module.networking.aws_internet_gateway.main",
            "module.networking.aws_nat_gateway.main",
            "module.networking.aws_route_table.private",
            "module.networking.aws_subnet.private",
            "module.networking.aws_subnet.public",
            "module.networking.aws_vpc.main",
            "module.networking.data.aws_availability_zones.available"
          ]
        },
        {
          "index_key": 1,
          "schema_version": 0,
          "attributes": {
            "gateway_id": "",
            "id": "rtbassoc-075f1ae6024e1bbed",
            "route_table_id": "rtb-0416a3cf4f5d08cf2",
            "subnet_id": "subnet-01e8fb6fe7ee9e60c",
            "timeouts": null
          },
          "sensitive_attributes": [],
          "identity_schema_version": 0,
          "private": "eyJlMmJmYjczMC1lY2FhLTExZTYtOGY4OC0zNDM2M2JjN2M0YzAiOnsiY3JlYXRlIjozMDAwMDAwMDAwMDAsImRlbGV0ZSI6MzAwMDAwMDAwMDAwLCJ1cGRhdGUiOjEyMDAwMDAwMDAwMH19",
          "dependencies": [
            "module.networking.aws_eip.nat",
            "module.networking.aws_internet_gateway.main",
            "module.networking.aws_nat_gateway.main",
            "module.networking.aws_route_table.private",
            "module.networking.aws_subnet.private",
            "module.networking.aws_subnet.public",
            "module.networking.aws_vpc.main",
            "module.networking.data.aws_availability_zones.available"
          ]
        }
      ]
    },
    {
      "module": "module.networking",
      "mode": "managed",
      "type": "aws_route_table_association",
      "name": "public",
      "provider": "provider[\"registry.terraform.io/hashicorp/aws\"]",
      "instances": [
        {
          "index_key": 0,
          "schema_version": 0,
          "attributes": {
            "gateway_id": "",
            "id": "rtbassoc-0fd91a9bff46d3cc0",
            "route_table_id": "rtb-0743c6f42142e1917",
            "subnet_id": "subnet-060fbbfcdc501adc9",
            "timeouts": null
          },
          "sensitive_attributes": [],
          "identity_schema_version": 0,
          "private": "eyJlMmJmYjczMC1lY2FhLTExZTYtOGY4OC0zNDM2M2JjN2M0YzAiOnsiY3JlYXRlIjozMDAwMDAwMDAwMDAsImRlbGV0ZSI6MzAwMDAwMDAwMDAwLCJ1cGRhdGUiOjEyMDAwMDAwMDAwMH19",
          "dependencies": [
            "module.networking.aws_internet_gateway.main",
            "module.networking.aws_route_table.public",
            "module.networking.aws_subnet.public",
            "module.networking.aws_vpc.main",
            "module.networking.data.aws_availability_zones.available"
          ]
        },
        {
          "index_key": 1,
          "schema_version": 0,
          "attributes": {
            "gateway_id": "",
            "id": "rtbassoc-0fa9d23b56b31c7b8",
            "route_table_id": "rtb-0743c6f42142e1917",
            "subnet_id": "subnet-022ca519b071a0f52",
            "timeouts": null
          },
          "sensitive_attributes": [],
          "identity_schema_version": 0,
          "private": "eyJlMmJmYjczMC1lY2FhLTExZTYtOGY4OC0zNDM2M2JjN2M0YzAiOnsiY3JlYXRlIjozMDAwMDAwMDAwMDAsImRlbGV0ZSI6MzAwMDAwMDAwMDAwLCJ1cGRhdGUiOjEyMDAwMDAwMDAwMH19",
          "dependencies": [
            "module.networking.aws_internet_gateway.main",
            "module.networking.aws_route_table.public",
            "module.networking.aws_subnet.public",
            "module.networking.aws_vpc.main",
            "module.networking.data.aws_availability_zones.available"
          ]
        }
      ]
    },
    {
      "module": "module.networking",
      "mode": "managed",
      "type": "aws_subnet",
      "name": "private",
      "provider": "provider[\"registry.terraform.io/hashicorp/aws\"]",
      "instances": [
        {
          "index_key": 0,
          "schema_version": 1,
          "attributes": {
            "arn": "arn:aws:ec2:il-central-1:543518525624:subnet/subnet-00a0044b6842a4839",
            "assign_ipv6_address_on_creation": false,
            "availability_zone": "il-central-1a",
            "availability_zone_id": "ilc1-az1",
            "cidr_block": "10.0.10.0/24",
            "customer_owned_ipv4_pool": "",
            "enable_dns64": false,
            "enable_lni_at_device_index": 0,
            "enable_resource_name_dns_a_record_on_launch": false,
            "enable_resource_name_dns_aaaa_record_on_launch": false,
            "id": "subnet-00a0044b6842a4839",
            "ipv6_cidr_block": "",
            "ipv6_cidr_block_association_id": "",
            "ipv6_native": false,
            "map_customer_owned_ip_on_launch": false,
            "map_public_ip_on_launch": false,
            "outpost_arn": "",
            "owner_id": "543518525624",
            "private_dns_hostname_type_on_launch": "ip-name",
            "tags": {
              "Environment": "dev",
              "Name": "wikijs-dev-private-1",
              "Project": "wikijs",
              "Region": "il-central-1",
              "Type": "Private"
            },
            "tags_all": {
              "Environment": "dev",
              "ManagedBy": "Terraform",
              "Name": "wikijs-dev-private-1",
              "Project": "wikijs",
              "Region": "il-central-1",
              "Repository": "wiki-js-infrastructure",
              "Type": "Private"
            },
            "timeouts": null,
            "vpc_id": "vpc-0ce72edf986bed177"
          },
          "sensitive_attributes": [],
          "identity_schema_version": 0,
          "private": "eyJlMmJmYjczMC1lY2FhLTExZTYtOGY4OC0zNDM2M2JjN2M0YzAiOnsiY3JlYXRlIjo2MDAwMDAwMDAwMDAsImRlbGV0ZSI6MTIwMDAwMDAwMDAwMH0sInNjaGVtYV92ZXJzaW9uIjoiMSJ9",
          "dependencies": [
            "module.networking.aws_vpc.main",
            "module.networking.data.aws_availability_zones.available"
          ]
        },
        {
          "index_key": 1,
          "schema_version": 1,
          "attributes": {
            "arn": "arn:aws:ec2:il-central-1:543518525624:subnet/subnet-01e8fb6fe7ee9e60c",
            "assign_ipv6_address_on_creation": false,
            "availability_zone": "il-central-1b",
            "availability_zone_id": "ilc1-az2",
            "cidr_block": "10.0.11.0/24",
            "customer_owned_ipv4_pool": "",
            "enable_dns64": false,
            "enable_lni_at_device_index": 0,
            "enable_resource_name_dns_a_record_on_launch": false,
            "enable_resource_name_dns_aaaa_record_on_launch": false,
            "id": "subnet-01e8fb6fe7ee9e60c",
            "ipv6_cidr_block": "",
            "ipv6_cidr_block_association_id": "",
            "ipv6_native": false,
            "map_customer_owned_ip_on_launch": false,
            "map_public_ip_on_launch": false,
            "outpost_arn": "",
            "owner_id": "543518525624",
            "private_dns_hostname_type_on_launch": "ip-name",
            "tags": {
              "Environment": "dev",
              "Name": "wikijs-dev-private-2",
              "Project": "wikijs",
              "Region": "il-central-1",
              "Type": "Private"
            },
            "tags_all": {
              "Environment": "dev",
              "ManagedBy": "Terraform",
              "Name": "wikijs-dev-private-2",
              "Project": "wikijs",
              "Region": "il-central-1",
              "Repository": "wiki-js-infrastructure",
              "Type": "Private"
            },
            "timeouts": null,
            "vpc_id": "vpc-0ce72edf986bed177"
          },
          "sensitive_attributes": [],
          "identity_schema_version": 0,
          "private": "eyJlMmJmYjczMC1lY2FhLTExZTYtOGY4OC0zNDM2M2JjN2M0YzAiOnsiY3JlYXRlIjo2MDAwMDAwMDAwMDAsImRlbGV0ZSI6MTIwMDAwMDAwMDAwMH0sInNjaGVtYV92ZXJzaW9uIjoiMSJ9",
          "dependencies": [
            "module.networking.aws_vpc.main",
            "module.networking.data.aws_availability_zones.available"
          ]
        }
      ]
    },
    {
      "module": "module.networking",
      "mode": "managed",
      "type": "aws_subnet",
      "name": "public",
      "provider": "provider[\"registry.terraform.io/hashicorp/aws\"]",
      "instances": [
        {
          "index_key": 0,
          "schema_version": 1,
          "attributes": {
            "arn": "arn:aws:ec2:il-central-1:543518525624:subnet/subnet-060fbbfcdc501adc9",
            "assign_ipv6_address_on_creation": false,
            "availability_zone": "il-central-1a",
            "availability_zone_id": "ilc1-az1",
            "cidr_block": "10.0.0.0/24",
            "customer_owned_ipv4_pool": "",
            "enable_dns64": false,
            "enable_lni_at_device_index": 0,
            "enable_resource_name_dns_a_record_on_launch": false,
            "enable_resource_name_dns_aaaa_record_on_launch": false,
            "id": "subnet-060fbbfcdc501adc9",
            "ipv6_cidr_block": "",
            "ipv6_cidr_block_association_id": "",
            "ipv6_native": false,
            "map_customer_owned_ip_on_launch": false,
            "map_public_ip_on_launch": true,
            "outpost_arn": "",
            "owner_id": "543518525624",
            "private_dns_hostname_type_on_launch": "ip-name",
            "tags": {
              "Environment": "dev",
              "Name": "wikijs-dev-public-1",
              "Project": "wikijs",
              "Region": "il-central-1",
              "Type": "Public"
            },
            "tags_all": {
              "Environment": "dev",
              "ManagedBy": "Terraform",
              "Name": "wikijs-dev-public-1",
              "Project": "wikijs",
              "Region": "il-central-1",
              "Repository": "wiki-js-infrastructure",
              "Type": "Public"
            },
            "timeouts": null,
            "vpc_id": "vpc-0ce72edf986bed177"
          },
          "sensitive_attributes": [],
          "identity_schema_version": 0,
          "private": "eyJlMmJmYjczMC1lY2FhLTExZTYtOGY4OC0zNDM2M2JjN2M0YzAiOnsiY3JlYXRlIjo2MDAwMDAwMDAwMDAsImRlbGV0ZSI6MTIwMDAwMDAwMDAwMH0sInNjaGVtYV92ZXJzaW9uIjoiMSJ9",
          "dependencies": [
            "module.networking.aws_vpc.main",
            "module.networking.data.aws_availability_zones.available"
          ]
        },
        {
          "index_key": 1,
          "schema_version": 1,
          "attributes": {
            "arn": "arn:aws:ec2:il-central-1:543518525624:subnet/subnet-022ca519b071a0f52",
            "assign_ipv6_address_on_creation": false,
            "availability_zone": "il-central-1b",
            "availability_zone_id": "ilc1-az2",
            "cidr_block": "10.0.1.0/24",
            "customer_owned_ipv4_pool": "",
            "enable_dns64": false,
            "enable_lni_at_device_index": 0,
            "enable_resource_name_dns_a_record_on_launch": false,
            "enable_resource_name_dns_aaaa_record_on_launch": false,
            "id": "subnet-022ca519b071a0f52",
            "ipv6_cidr_block": "",
            "ipv6_cidr_block_association_id": "",
            "ipv6_native": false,
            "map_customer_owned_ip_on_launch": false,
            "map_public_ip_on_launch": true,
            "outpost_arn": "",
            "owner_id": "543518525624",
            "private_dns_hostname_type_on_launch": "ip-name",
            "tags": {
              "Environment": "dev",
              "Name": "wikijs-dev-public-2",
              "Project": "wikijs",
              "Region": "il-central-1",
              "Type": "Public"
            },
            "tags_all": {
              "Environment": "dev",
              "ManagedBy": "Terraform",
              "Name": "wikijs-dev-public-2",
              "Project": "wikijs",
              "Region": "il-central-1",
              "Repository": "wiki-js-infrastructure",
              "Type": "Public"
            },
            "timeouts": null,
            "vpc_id": "vpc-0ce72edf986bed177"
          },
          "sensitive_attributes": [],
          "identity_schema_version": 0,
          "private": "eyJlMmJmYjczMC1lY2FhLTExZTYtOGY4OC0zNDM2M2JjN2M0YzAiOnsiY3JlYXRlIjo2MDAwMDAwMDAwMDAsImRlbGV0ZSI6MTIwMDAwMDAwMDAwMH0sInNjaGVtYV92ZXJzaW9uIjoiMSJ9",
          "dependencies": [
            "module.networking.aws_vpc.main",
            "module.networking.data.aws_availability_zones.available"
          ]
        }
      ]
    },
    {
      "module": "module.networking",
      "mode": "managed",
      "type": "aws_vpc",
      "name": "main",
      "provider": "provider[\"registry.terraform.io/hashicorp/aws\"]",
      "instances": [
        {
          "schema_version": 1,
          "attributes": {
            "arn": "arn:aws:ec2:il-central-1:543518525624:vpc/vpc-0ce72edf986bed177",
            "assign_generated_ipv6_cidr_block": false,
            "cidr_block": "10.0.0.0/16",
            "default_network_acl_id": "acl-030d24dc15b915516",
            "default_route_table_id": "rtb-00119f833166e87dc",
            "default_security_group_id": "sg-05559221fa81ae65c",
            "dhcp_options_id": "dopt-06528e08e4d32fd67",
            "enable_dns_hostnames": true,
            "enable_dns_support": true,
            "enable_network_address_usage_metrics": false,
            "id": "vpc-0ce72edf986bed177",
            "instance_tenancy": "default",
            "ipv4_ipam_pool_id": null,
            "ipv4_netmask_length": null,
            "ipv6_association_id": "",
            "ipv6_cidr_block": "",
            "ipv6_cidr_block_network_border_group": "",
            "ipv6_ipam_pool_id": "",
            "ipv6_netmask_length": 0,
            "main_route_table_id": "rtb-00119f833166e87dc",
            "owner_id": "543518525624",
            "tags": {
              "Environment": "dev",
              "Name": "wikijs-dev-vpc",
              "Project": "wikijs",
              "Region": "il-central-1"
            },
            "tags_all": {
              "Environment": "dev",
              "ManagedBy": "Terraform",
              "Name": "wikijs-dev-vpc",
              "Project": "wikijs",
              "Region": "il-central-1",
              "Repository": "wiki-js-infrastructure"
            }
          },
          "sensitive_attributes": [],
          "identity_schema_version": 0,
          "private": "eyJzY2hlbWFfdmVyc2lvbiI6IjEifQ=="
        }
      ]
    },
    {
      "module": "module.security",
      "mode": "managed",
      "type": "aws_security_group",
      "name": "alb",
      "provider": "provider[\"registry.terraform.io/hashicorp/aws\"]",
      "instances": [
        {
          "schema_version": 1,
          "attributes": {
            "arn": "arn:aws:ec2:il-central-1:543518525624:security-group/sg-0de06812b445f1f3f",
            "description": "Security group for Application Load Balancer",
            "egress": [
              {
                "cidr_blocks": [
                  "0.0.0.0/0"
                ],
                "description": "All outbound traffic",
                "from_port": 0,
                "ipv6_cidr_blocks": [],
                "prefix_list_ids": [],
                "protocol": "-1",
                "security_groups": [],
                "self": false,
                "to_port": 0
              }
            ],
            "id": "sg-0de06812b445f1f3f",
            "ingress": [
              {
                "cidr_blocks": [
                  "0.0.0.0/0"
                ],
                "description": "HTTP from anywhere",
                "from_port": 80,
                "ipv6_cidr_blocks": [],
                "prefix_list_ids": [],
                "protocol": "tcp",
                "security_groups": [],
                "self": false,
                "to_port": 80
              },
              {
                "cidr_blocks": [
                  "0.0.0.0/0"
                ],
                "description": "HTTPS from anywhere",
                "from_port": 443,
                "ipv6_cidr_blocks": [],
                "prefix_list_ids": [],
                "protocol": "tcp",
                "security_groups": [],
                "self": false,
                "to_port": 443
              }
            ],
            "name": "wikijs-dev-alb-sg",
            "name_prefix": "",
            "owner_id": "543518525624",
            "revoke_rules_on_delete": false,
            "tags": {
              "Environment": "dev",
              "Name": "wikijs-dev-alb-sg",
              "Project": "wikijs",
              "Region": "il-central-1"
            },
            "tags_all": {
              "Environment": "dev",
              "ManagedBy": "Terraform",
              "Name": "wikijs-dev-alb-sg",
              "Project": "wikijs",
              "Region": "il-central-1",
              "Repository": "wiki-js-infrastructure"
            },
            "timeouts": null,
            "vpc_id": "vpc-0ce72edf986bed177"
          },
          "sensitive_attributes": [],
          "identity_schema_version": 0,
          "private": "eyJlMmJmYjczMC1lY2FhLTExZTYtOGY4OC0zNDM2M2JjN2M0YzAiOnsiY3JlYXRlIjo2MDAwMDAwMDAwMDAsImRlbGV0ZSI6OTAwMDAwMDAwMDAwfSwic2NoZW1hX3ZlcnNpb24iOiIxIn0=",
          "dependencies": [
            "module.networking.aws_vpc.main"
          ]
        }
      ]
    },
    {
      "module": "module.security",
      "mode": "managed",
      "type": "aws_security_group",
      "name": "ecs",
      "provider": "provider[\"registry.terraform.io/hashicorp/aws\"]",
      "instances": [
        {
          "schema_version": 1,
          "attributes": {
            "arn": "arn:aws:ec2:il-central-1:543518525624:security-group/sg-06a08137b6f6d3579",
            "description": "Security group for ECS tasks",
            "egress": [
              {
                "cidr_blocks": [
                  "0.0.0.0/0"
                ],
                "description": "All outbound traffic",
                "from_port": 0,
                "ipv6_cidr_blocks": [],
                "prefix_list_ids": [],
                "protocol": "-1",
                "security_groups": [],
                "self": false,
                "to_port": 0
              }
            ],
            "id": "sg-06a08137b6f6d3579",
            "ingress": [
              {
                "cidr_blocks": [],
                "description": "HTTP from ALB",
                "from_port": 3000,
                "ipv6_cidr_blocks": [],
                "prefix_list_ids": [],
                "protocol": "tcp",
                "security_groups": [
                  "sg-0de06812b445f1f3f"
                ],
                "self": false,
                "to_port": 3000
              }
            ],
            "name": "wikijs-dev-ecs-sg",
            "name_prefix": "",
            "owner_id": "543518525624",
            "revoke_rules_on_delete": false,
            "tags": {
              "Environment": "dev",
              "Name": "wikijs-dev-ecs-sg",
              "Project": "wikijs",
              "Region": "il-central-1"
            },
            "tags_all": {
              "Environment": "dev",
              "ManagedBy": "Terraform",
              "Name": "wikijs-dev-ecs-sg",
              "Project": "wikijs",
              "Region": "il-central-1",
              "Repository": "wiki-js-infrastructure"
            },
            "timeouts": null,
            "vpc_id": "vpc-0ce72edf986bed177"
          },
          "sensitive_attributes": [],
          "identity_schema_version": 0,
          "private": "eyJlMmJmYjczMC1lY2FhLTExZTYtOGY4OC0zNDM2M2JjN2M0YzAiOnsiY3JlYXRlIjo2MDAwMDAwMDAwMDAsImRlbGV0ZSI6OTAwMDAwMDAwMDAwfSwic2NoZW1hX3ZlcnNpb24iOiIxIn0=",
          "dependencies": [
            "module.networking.aws_vpc.main",
            "module.security.aws_security_group.alb"
          ]
        }
      ]
    },
    {
      "module": "module.storage",
      "mode": "managed",
      "type": "aws_efs_access_point",
      "name": "main",
      "provider": "provider[\"registry.terraform.io/hashicorp/aws\"]",
      "instances": [
        {
          "schema_version": 0,
          "attributes": {
            "arn": "arn:aws:elasticfilesystem:il-central-1:543518525624:access-point/fsap-0871eb82341e8d119",
            "file_system_arn": "arn:aws:elasticfilesystem:il-central-1:543518525624:file-system/fs-0cd01975a5d5838a7",
            "file_system_id": "fs-0cd01975a5d5838a7",
            "id": "fsap-0871eb82341e8d119",
            "owner_id": "543518525624",
            "posix_user": [
              {
                "gid": 1000,
                "secondary_gids": [],
                "uid": 1000
              }
            ],
            "root_directory": [
              {
                "creation_info": [
                  {
                    "owner_gid": 1000,
                    "owner_uid": 1000,
                    "permissions": "755"
                  }
                ],
                "path": "/wiki-data"
              }
            ],
            "tags": {
              "Environment": "dev",
              "Name": "wikijs-dev-efs-ap",
              "Project": "wikijs",
              "Region": "il-central-1"
            },
            "tags_all": {
              "Environment": "dev",
              "ManagedBy": "Terraform",
              "Name": "wikijs-dev-efs-ap",
              "Project": "wikijs",
              "Region": "il-central-1",
              "Repository": "wiki-js-infrastructure"
            }
          },
          "sensitive_attributes": [],
          "identity_schema_version": 0,
          "private": "bnVsbA==",
          "dependencies": [
            "module.storage.aws_efs_file_system.main"
          ]
        }
      ]
    },
    {
      "module": "module.storage",
      "mode": "managed",
      "type": "aws_efs_file_system",
      "name": "main",
      "provider": "provider[\"registry.terraform.io/hashicorp/aws\"]",
      "instances": [
        {
          "schema_version": 0,
          "attributes": {
            "arn": "arn:aws:elasticfilesystem:il-central-1:543518525624:file-system/fs-0cd01975a5d5838a7",
            "availability_zone_id": "",
            "availability_zone_name": "",
            "creation_token": "wikijs-dev-efs",
            "dns_name": "fs-0cd01975a5d5838a7.efs.il-central-1.amazonaws.com",
            "encrypted": true,
            "id": "fs-0cd01975a5d5838a7",
            "kms_key_id": "arn:aws:kms:il-central-1:543518525624:key/a00ef00b-f396-498f-bffb-bc546a9c54ef",
            "lifecycle_policy": [
              {
                "transition_to_archive": "",
                "transition_to_ia": "AFTER_30_DAYS",
                "transition_to_primary_storage_class": ""
              }
            ],
            "name": "wikijs-dev-efs",
            "number_of_mount_targets": 2,
            "owner_id": "543518525624",
            "performance_mode": "generalPurpose",
            "protection": [
              {
                "replication_overwrite": "ENABLED"
              }
            ],
            "provisioned_throughput_in_mibps": 0,
            "size_in_bytes": [
              {
                "value": 6144,
                "value_in_ia": 0,
                "value_in_standard": 6144
              }
            ],
            "tags": {
              "Environment": "dev",
              "Name": "wikijs-dev-efs",
              "Project": "wikijs",
              "Region": "il-central-1"
            },
            "tags_all": {
              "Environment": "dev",
              "ManagedBy": "Terraform",
              "Name": "wikijs-dev-efs",
              "Project": "wikijs",
              "Region": "il-central-1",
              "Repository": "wiki-js-infrastructure"
            },
            "throughput_mode": "bursting"
          },
          "sensitive_attributes": [],
          "identity_schema_version": 0,
          "private": "bnVsbA=="
        }
      ]
    },
    {
      "module": "module.storage",
      "mode": "managed",
      "type": "aws_efs_mount_target",
      "name": "main",
      "provider": "provider[\"registry.terraform.io/hashicorp/aws\"]",
      "instances": [
        {
          "index_key": 0,
          "schema_version": 0,
          "attributes": {
            "availability_zone_id": "ilc1-az1",
            "availability_zone_name": "il-central-1a",
            "dns_name": "fs-0cd01975a5d5838a7.efs.il-central-1.amazonaws.com",
            "file_system_arn": "arn:aws:elasticfilesystem:il-central-1:543518525624:file-system/fs-0cd01975a5d5838a7",
            "file_system_id": "fs-0cd01975a5d5838a7",
            "id": "fsmt-0a6fa375f9a1d205c",
            "ip_address": "10.0.10.92",
            "mount_target_dns_name": "il-central-1a.fs-0cd01975a5d5838a7.efs.il-central-1.amazonaws.com",
            "network_interface_id": "eni-08d025044949a53cc",
            "owner_id": "543518525624",
            "security_groups": [
              "sg-015f2f25d304a56fb"
            ],
            "subnet_id": "subnet-00a0044b6842a4839",
            "timeouts": null
          },
          "sensitive_attributes": [],
          "identity_schema_version": 0,
          "private": "eyJlMmJmYjczMC1lY2FhLTExZTYtOGY4OC0zNDM2M2JjN2M0YzAiOnsiY3JlYXRlIjoxODAwMDAwMDAwMDAwLCJkZWxldGUiOjYwMDAwMDAwMDAwMH19",
          "dependencies": [
            "module.networking.aws_subnet.private",
            "module.networking.aws_vpc.main",
            "module.networking.data.aws_availability_zones.available",
            "module.security.aws_security_group.alb",
            "module.security.aws_security_group.ecs",
            "module.storage.aws_efs_file_system.main",
            "module.storage.aws_security_group.efs"
          ]
        },
        {
          "index_key": 1,
          "schema_version": 0,
          "attributes": {
            "availability_zone_id": "ilc1-az2",
            "availability_zone_name": "il-central-1b",
            "dns_name": "fs-0cd01975a5d5838a7.efs.il-central-1.amazonaws.com",
            "file_system_arn": "arn:aws:elasticfilesystem:il-central-1:543518525624:file-system/fs-0cd01975a5d5838a7",
            "file_system_id": "fs-0cd01975a5d5838a7",
            "id": "fsmt-08bec789beafbccc7",
            "ip_address": "10.0.11.217",
            "mount_target_dns_name": "il-central-1b.fs-0cd01975a5d5838a7.efs.il-central-1.amazonaws.com",
            "network_interface_id": "eni-029c75611d205f084",
            "owner_id": "543518525624",
            "security_groups": [
              "sg-015f2f25d304a56fb"
            ],
            "subnet_id": "subnet-01e8fb6fe7ee9e60c",
            "timeouts": null
          },
          "sensitive_attributes": [],
          "identity_schema_version": 0,
          "private": "eyJlMmJmYjczMC1lY2FhLTExZTYtOGY4OC0zNDM2M2JjN2M0YzAiOnsiY3JlYXRlIjoxODAwMDAwMDAwMDAwLCJkZWxldGUiOjYwMDAwMDAwMDAwMH19",
          "dependencies": [
            "module.networking.aws_subnet.private",
            "module.networking.aws_vpc.main",
            "module.networking.data.aws_availability_zones.available",
            "module.security.aws_security_group.alb",
            "module.security.aws_security_group.ecs",
            "module.storage.aws_efs_file_system.main",
            "module.storage.aws_security_group.efs"
          ]
        }
      ]
    },
    {
      "module": "module.storage",
      "mode": "managed",
      "type": "aws_security_group",
      "name": "efs",
      "provider": "provider[\"registry.terraform.io/hashicorp/aws\"]",
      "instances": [
        {
          "schema_version": 1,
          "attributes": {
            "arn": "arn:aws:ec2:il-central-1:543518525624:security-group/sg-015f2f25d304a56fb",
            "description": "Security group for EFS",
            "egress": [
              {
                "cidr_blocks": [
                  "0.0.0.0/0"
                ],
                "description": "All outbound traffic",
                "from_port": 0,
                "ipv6_cidr_blocks": [],
                "prefix_list_ids": [],
                "protocol": "-1",
                "security_groups": [],
                "self": false,
                "to_port": 0
              }
            ],
            "id": "sg-015f2f25d304a56fb",
            "ingress": [
              {
                "cidr_blocks": [],
                "description": "NFS from ECS",
                "from_port": 2049,
                "ipv6_cidr_blocks": [],
                "prefix_list_ids": [],
                "protocol": "tcp",
                "security_groups": [
                  "sg-06a08137b6f6d3579"
                ],
                "self": false,
                "to_port": 2049
              }
            ],
            "name": "wikijs-dev-efs-sg",
            "name_prefix": "",
            "owner_id": "543518525624",
            "revoke_rules_on_delete": false,
            "tags": {
              "Environment": "dev",
              "Name": "wikijs-dev-efs-sg",
              "Project": "wikijs",
              "Region": "il-central-1"
            },
            "tags_all": {
              "Environment": "dev",
              "ManagedBy": "Terraform",
              "Name": "wikijs-dev-efs-sg",
              "Project": "wikijs",
              "Region": "il-central-1",
              "Repository": "wiki-js-infrastructure"
            },
            "timeouts": null,
            "vpc_id": "vpc-0ce72edf986bed177"
          },
          "sensitive_attributes": [],
          "identity_schema_version": 0,
          "private": "eyJlMmJmYjczMC1lY2FhLTExZTYtOGY4OC0zNDM2M2JjN2M0YzAiOnsiY3JlYXRlIjo2MDAwMDAwMDAwMDAsImRlbGV0ZSI6OTAwMDAwMDAwMDAwfSwic2NoZW1hX3ZlcnNpb24iOiIxIn0=",
          "dependencies": [
            "module.networking.aws_vpc.main",
            "module.security.aws_security_group.alb",
            "module.security.aws_security_group.ecs"
          ]
        }
      ]
    }
  ],
  "check_results": null
}
